// !$*UTF8*$!
{
	archiveVersion = 1;
	classes = {
	};
	objectVersion = 56;
	objects = {

/* Begin PBXBuildFile section */
		164FAD3228D765AB00529076 /* HomeViewRow.swift in Sources */ = {isa = PBXBuildFile; fileRef = 164FAD3128D765AB00529076 /* HomeViewRow.swift */; };
		164FAD3428D76B6400529076 /* ContentView.swift in Sources */ = {isa = PBXBuildFile; fileRef = 164FAD3328D76B6400529076 /* ContentView.swift */; };
		164FAD3628D7711F00529076 /* ContentViewRow.swift in Sources */ = {isa = PBXBuildFile; fileRef = 164FAD3528D7711F00529076 /* ContentViewRow.swift */; };
		164FAD3828D7DEE900529076 /* ContentDetailView.swift in Sources */ = {isa = PBXBuildFile; fileRef = 164FAD3728D7DEE900529076 /* ContentDetailView.swift */; };
		164FAD3B28D7E44D00529076 /* AVKit.framework in Frameworks */ = {isa = PBXBuildFile; fileRef = 164FAD3A28D7E44D00529076 /* AVKit.framework */; };
		164FAD3D28D7E58500529076 /* Constants.swift in Sources */ = {isa = PBXBuildFile; fileRef = 164FAD3C28D7E58500529076 /* Constants.swift */; };
		16B62D8728D640E400084C45 /* LearningApp.swift in Sources */ = {isa = PBXBuildFile; fileRef = 16B62D8628D640E400084C45 /* LearningApp.swift */; };
		16B62D8B28D640E600084C45 /* Assets.xcassets in Resources */ = {isa = PBXBuildFile; fileRef = 16B62D8A28D640E600084C45 /* Assets.xcassets */; };
		16B62D8E28D640E600084C45 /* Preview Assets.xcassets in Resources */ = {isa = PBXBuildFile; fileRef = 16B62D8D28D640E600084C45 /* Preview Assets.xcassets */; };
		16B62D9528D644CF00084C45 /* HomeView.swift in Sources */ = {isa = PBXBuildFile; fileRef = 16B62D9428D644CF00084C45 /* HomeView.swift */; };
		16B62D9D28D6457700084C45 /* ContentModel.swift in Sources */ = {isa = PBXBuildFile; fileRef = 16B62D9C28D6457700084C45 /* ContentModel.swift */; };
		16B62DA028D68B9100084C45 /* style.html in Resources */ = {isa = PBXBuildFile; fileRef = 16B62D9E28D68B9100084C45 /* style.html */; };
		16B62DA128D68B9100084C45 /* data.json in Resources */ = {isa = PBXBuildFile; fileRef = 16B62D9F28D68B9100084C45 /* data.json */; };
		16B62DA328D68D0300084C45 /* Models.swift in Sources */ = {isa = PBXBuildFile; fileRef = 16B62DA228D68D0300084C45 /* Models.swift */; };
/* End PBXBuildFile section */

/* Begin PBXFileReference section */
		164FAD3128D765AB00529076 /* HomeViewRow.swift */ = {isa = PBXFileReference; lastKnownFileType = sourcecode.swift; path = HomeViewRow.swift; sourceTree = "<group>"; };
		164FAD3328D76B6400529076 /* ContentView.swift */ = {isa = PBXFileReference; lastKnownFileType = sourcecode.swift; path = ContentView.swift; sourceTree = "<group>"; };
		164FAD3528D7711F00529076 /* ContentViewRow.swift */ = {isa = PBXFileReference; lastKnownFileType = sourcecode.swift; path = ContentViewRow.swift; sourceTree = "<group>"; };
		164FAD3728D7DEE900529076 /* ContentDetailView.swift */ = {isa = PBXFileReference; lastKnownFileType = sourcecode.swift; path = ContentDetailView.swift; sourceTree = "<group>"; };
		164FAD3A28D7E44D00529076 /* AVKit.framework */ = {isa = PBXFileReference; lastKnownFileType = wrapper.framework; name = AVKit.framework; path = System/Library/Frameworks/AVKit.framework; sourceTree = SDKROOT; };
		164FAD3C28D7E58500529076 /* Constants.swift */ = {isa = PBXFileReference; lastKnownFileType = sourcecode.swift; path = Constants.swift; sourceTree = "<group>"; };
		16B62D8328D640E400084C45 /* Learning.app */ = {isa = PBXFileReference; explicitFileType = wrapper.application; includeInIndex = 0; path = Learning.app; sourceTree = BUILT_PRODUCTS_DIR; };
		16B62D8628D640E400084C45 /* LearningApp.swift */ = {isa = PBXFileReference; lastKnownFileType = sourcecode.swift; path = LearningApp.swift; sourceTree = "<group>"; };
		16B62D8A28D640E600084C45 /* Assets.xcassets */ = {isa = PBXFileReference; lastKnownFileType = folder.assetcatalog; path = Assets.xcassets; sourceTree = "<group>"; };
		16B62D8D28D640E600084C45 /* Preview Assets.xcassets */ = {isa = PBXFileReference; lastKnownFileType = folder.assetcatalog; path = "Preview Assets.xcassets"; sourceTree = "<group>"; };
		16B62D9428D644CF00084C45 /* HomeView.swift */ = {isa = PBXFileReference; lastKnownFileType = sourcecode.swift; path = HomeView.swift; sourceTree = "<group>"; };
		16B62D9C28D6457700084C45 /* ContentModel.swift */ = {isa = PBXFileReference; lastKnownFileType = sourcecode.swift; path = ContentModel.swift; sourceTree = "<group>"; };
		16B62D9E28D68B9100084C45 /* style.html */ = {isa = PBXFileReference; fileEncoding = 4; lastKnownFileType = text.html; path = style.html; sourceTree = "<group>"; };
		16B62D9F28D68B9100084C45 /* data.json */ = {isa = PBXFileReference; fileEncoding = 4; lastKnownFileType = text.json; path = data.json; sourceTree = "<group>"; };
		16B62DA228D68D0300084C45 /* Models.swift */ = {isa = PBXFileReference; lastKnownFileType = sourcecode.swift; path = Models.swift; sourceTree = "<group>"; };
/* End PBXFileReference section */

/* Begin PBXFrameworksBuildPhase section */
		16B62D8028D640E400084C45 /* Frameworks */ = {
			isa = PBXFrameworksBuildPhase;
			buildActionMask = 2147483647;
			files = (
				164FAD3B28D7E44D00529076 /* AVKit.framework in Frameworks */,
			);
			runOnlyForDeploymentPostprocessing = 0;
		};
/* End PBXFrameworksBuildPhase section */

/* Begin PBXGroup section */
		164FAD3928D7E44D00529076 /* Frameworks */ = {
			isa = PBXGroup;
			children = (
				164FAD3A28D7E44D00529076 /* AVKit.framework */,
			);
			name = Frameworks;
			sourceTree = "<group>";
		};
		16B62D7A28D640E400084C45 = {
			isa = PBXGroup;
			children = (
				16B62D8528D640E400084C45 /* Learning */,
				16B62D8428D640E400084C45 /* Products */,
				164FAD3928D7E44D00529076 /* Frameworks */,
			);
			sourceTree = "<group>";
		};
		16B62D8428D640E400084C45 /* Products */ = {
			isa = PBXGroup;
			children = (
				16B62D8328D640E400084C45 /* Learning.app */,
			);
			name = Products;
			sourceTree = "<group>";
		};
		16B62D8528D640E400084C45 /* Learning */ = {
			isa = PBXGroup;
			children = (
				16B62D8628D640E400084C45 /* LearningApp.swift */,
				16B62D9628D6450A00084C45 /* Views */,
				16B62D9928D6452900084C45 /* ViewModels */,
				16B62D9828D6452200084C45 /* Models */,
				16B62D9728D6451B00084C45 /* Resources */,
				16B62D9B28D6455000084C45 /* Utilities */,
				16B62D8A28D640E600084C45 /* Assets.xcassets */,
				16B62D8C28D640E600084C45 /* Preview Content */,
			);
			path = Learning;
			sourceTree = "<group>";
		};
		16B62D8C28D640E600084C45 /* Preview Content */ = {
			isa = PBXGroup;
			children = (
				16B62D8D28D640E600084C45 /* Preview Assets.xcassets */,
			);
			path = "Preview Content";
			sourceTree = "<group>";
		};
		16B62D9628D6450A00084C45 /* Views */ = {
			isa = PBXGroup;
			children = (
				16B62D9428D644CF00084C45 /* HomeView.swift */,
				164FAD3128D765AB00529076 /* HomeViewRow.swift */,
				164FAD3328D76B6400529076 /* ContentView.swift */,
				164FAD3528D7711F00529076 /* ContentViewRow.swift */,
				164FAD3728D7DEE900529076 /* ContentDetailView.swift */,
			);
			path = Views;
			sourceTree = "<group>";
		};
		16B62D9728D6451B00084C45 /* Resources */ = {
			isa = PBXGroup;
			children = (
				16B62D9F28D68B9100084C45 /* data.json */,
				16B62D9E28D68B9100084C45 /* style.html */,
			);
			path = Resources;
			sourceTree = "<group>";
		};
		16B62D9828D6452200084C45 /* Models */ = {
			isa = PBXGroup;
			children = (
				16B62DA228D68D0300084C45 /* Models.swift */,
			);
			path = Models;
			sourceTree = "<group>";
		};
		16B62D9928D6452900084C45 /* ViewModels */ = {
			isa = PBXGroup;
			children = (
				16B62D9C28D6457700084C45 /* ContentModel.swift */,
			);
			path = ViewModels;
			sourceTree = "<group>";
		};
		16B62D9B28D6455000084C45 /* Utilities */ = {
			isa = PBXGroup;
			children = (
				164FAD3C28D7E58500529076 /* Constants.swift */,
			);
			path = Utilities;
			sourceTree = "<group>";
		};
/* End PBXGroup section */

/* Begin PBXNativeTarget section */
		16B62D8228D640E400084C45 /* Learning */ = {
			isa = PBXNativeTarget;
			buildConfigurationList = 16B62D9128D640E600084C45 /* Build configuration list for PBXNativeTarget "Learning" */;
			buildPhases = (
				16B62D7F28D640E400084C45 /* Sources */,
				16B62D8028D640E400084C45 /* Frameworks */,
				16B62D8128D640E400084C45 /* Resources */,
			);
			buildRules = (
			);
			dependencies = (
			);
			name = Learning;
			productName = Learning;
			productReference = 16B62D8328D640E400084C45 /* Learning.app */;
			productType = "com.apple.product-type.application";
		};
/* End PBXNativeTarget section */

/* Begin PBXProject section */
		16B62D7B28D640E400084C45 /* Project object */ = {
			isa = PBXProject;
			attributes = {
				BuildIndependentTargetsInParallel = 1;
				LastSwiftUpdateCheck = 1400;
				LastUpgradeCheck = 1400;
				TargetAttributes = {
					16B62D8228D640E400084C45 = {
						CreatedOnToolsVersion = 14.0;
					};
				};
			};
			buildConfigurationList = 16B62D7E28D640E400084C45 /* Build configuration list for PBXProject "Learning" */;
			compatibilityVersion = "Xcode 14.0";
			developmentRegion = en;
			hasScannedForEncodings = 0;
			knownRegions = (
				en,
				Base,
			);
			mainGroup = 16B62D7A28D640E400084C45;
			productRefGroup = 16B62D8428D640E400084C45 /* Products */;
			projectDirPath = "";
			projectRoot = "";
			targets = (
				16B62D8228D640E400084C45 /* Learning */,
			);
		};
/* End PBXProject section */

/* Begin PBXResourcesBuildPhase section */
		16B62D8128D640E400084C45 /* Resources */ = {
			isa = PBXResourcesBuildPhase;
			buildActionMask = 2147483647;
			files = (
				16B62DA028D68B9100084C45 /* style.html in Resources */,
				16B62D8E28D640E600084C45 /* Preview Assets.xcassets in Resources */,
				16B62D8B28D640E600084C45 /* Assets.xcassets in Resources */,
				16B62DA128D68B9100084C45 /* data.json in Resources */,
			);
			runOnlyForDeploymentPostprocessing = 0;
		};
/* End PBXResourcesBuildPhase section */

/* Begin PBXSourcesBuildPhase section */
		16B62D7F28D640E400084C45 /* Sources */ = {
			isa = PBXSourcesBuildPhase;
			buildActionMask = 2147483647;
			files = (
				16B62D9528D644CF00084C45 /* HomeView.swift in Sources */,
				16B62D9D28D6457700084C45 /* ContentModel.swift in Sources */,
				164FAD3428D76B6400529076 /* ContentView.swift in Sources */,
				164FAD3828D7DEE900529076 /* ContentDetailView.swift in Sources */,
				16B62D8728D640E400084C45 /* LearningApp.swift in Sources */,
				164FAD3628D7711F00529076 /* ContentViewRow.swift in Sources */,
				164FAD3228D765AB00529076 /* HomeViewRow.swift in Sources */,
				16B62DA328D68D0300084C45 /* Models.swift in Sources */,
				164FAD3D28D7E58500529076 /* Constants.swift in Sources */,
			);
			runOnlyForDeploymentPostprocessing = 0;
		};
/* End PBXSourcesBuildPhase section */

/* Begin XCBuildConfiguration section */
		16B62D8F28D640E600084C45 /* Debug */ = {
			isa = XCBuildConfiguration;
			buildSettings = {
				ALWAYS_SEARCH_USER_PATHS = NO;
				CLANG_ANALYZER_NONNULL = YES;
				CLANG_ANALYZER_NUMBER_OBJECT_CONVERSION = YES_AGGRESSIVE;
				CLANG_CXX_LANGUAGE_STANDARD = "gnu++20";
				CLANG_ENABLE_MODULES = YES;
				CLANG_ENABLE_OBJC_ARC = YES;
				CLANG_ENABLE_OBJC_WEAK = YES;
				CLANG_WARN_BLOCK_CAPTURE_AUTORELEASING = YES;
				CLANG_WARN_BOOL_CONVERSION = YES;
				CLANG_WARN_COMMA = YES;
				CLANG_WARN_CONSTANT_CONVERSION = YES;
				CLANG_WARN_DEPRECATED_OBJC_IMPLEMENTATIONS = YES;
				CLANG_WARN_DIRECT_OBJC_ISA_USAGE = YES_ERROR;
				CLANG_WARN_DOCUMENTATION_COMMENTS = YES;
				CLANG_WARN_EMPTY_BODY = YES;
				CLANG_WARN_ENUM_CONVERSION = YES;
				CLANG_WARN_INFINITE_RECURSION = YES;
				CLANG_WARN_INT_CONVERSION = YES;
				CLANG_WARN_NON_LITERAL_NULL_CONVERSION = YES;
				CLANG_WARN_OBJC_IMPLICIT_RETAIN_SELF = YES;
				CLANG_WARN_OBJC_LITERAL_CONVERSION = YES;
				CLANG_WARN_OBJC_ROOT_CLASS = YES_ERROR;
				CLANG_WARN_QUOTED_INCLUDE_IN_FRAMEWORK_HEADER = YES;
				CLANG_WARN_RANGE_LOOP_ANALYSIS = YES;
				CLANG_WARN_STRICT_PROTOTYPES = YES;
				CLANG_WARN_SUSPICIOUS_MOVE = YES;
				CLANG_WARN_UNGUARDED_AVAILABILITY = YES_AGGRESSIVE;
				CLANG_WARN_UNREACHABLE_CODE = YES;
				CLANG_WARN__DUPLICATE_METHOD_MATCH = YES;
				COPY_PHASE_STRIP = NO;
				DEBUG_INFORMATION_FORMAT = dwarf;
				ENABLE_STRICT_OBJC_MSGSEND = YES;
				ENABLE_TESTABILITY = YES;
				GCC_C_LANGUAGE_STANDARD = gnu11;
				GCC_DYNAMIC_NO_PIC = NO;
				GCC_NO_COMMON_BLOCKS = YES;
				GCC_OPTIMIZATION_LEVEL = 0;
				GCC_PREPROCESSOR_DEFINITIONS = (
					"DEBUG=1",
					"$(inherited)",
				);
				GCC_WARN_64_TO_32_BIT_CONVERSION = YES;
				GCC_WARN_ABOUT_RETURN_TYPE = YES_ERROR;
				GCC_WARN_UNDECLARED_SELECTOR = YES;
				GCC_WARN_UNINITIALIZED_AUTOS = YES_AGGRESSIVE;
				GCC_WARN_UNUSED_FUNCTION = YES;
				GCC_WARN_UNUSED_VARIABLE = YES;
				IPHONEOS_DEPLOYMENT_TARGET = 16.0;
				MTL_ENABLE_DEBUG_INFO = INCLUDE_SOURCE;
				MTL_FAST_MATH = YES;
				ONLY_ACTIVE_ARCH = YES;
				SDKROOT = iphoneos;
				SWIFT_ACTIVE_COMPILATION_CONDITIONS = DEBUG;
				SWIFT_OPTIMIZATION_LEVEL = "-Onone";
			};
			name = Debug;
		};
		16B62D9028D640E600084C45 /* Release */ = {
			isa = XCBuildConfiguration;
			buildSettings = {
				ALWAYS_SEARCH_USER_PATHS = NO;
				CLANG_ANALYZER_NONNULL = YES;
				CLANG_ANALYZER_NUMBER_OBJECT_CONVERSION = YES_AGGRESSIVE;
				CLANG_CXX_LANGUAGE_STANDARD = "gnu++20";
				CLANG_ENABLE_MODULES = YES;
				CLANG_ENABLE_OBJC_ARC = YES;
				CLANG_ENABLE_OBJC_WEAK = YES;
				CLANG_WARN_BLOCK_CAPTURE_AUTORELEASING = YES;
				CLANG_WARN_BOOL_CONVERSION = YES;
				CLANG_WARN_COMMA = YES;
				CLANG_WARN_CONSTANT_CONVERSION = YES;
				CLANG_WARN_DEPRECATED_OBJC_IMPLEMENTATIONS = YES;
				CLANG_WARN_DIRECT_OBJC_ISA_USAGE = YES_ERROR;
				CLANG_WARN_DOCUMENTATION_COMMENTS = YES;
				CLANG_WARN_EMPTY_BODY = YES;
				CLANG_WARN_ENUM_CONVERSION = YES;
				CLANG_WARN_INFINITE_RECURSION = YES;
				CLANG_WARN_INT_CONVERSION = YES;
				CLANG_WARN_NON_LITERAL_NULL_CONVERSION = YES;
				CLANG_WARN_OBJC_IMPLICIT_RETAIN_SELF = YES;
				CLANG_WARN_OBJC_LITERAL_CONVERSION = YES;
				CLANG_WARN_OBJC_ROOT_CLASS = YES_ERROR;
				CLANG_WARN_QUOTED_INCLUDE_IN_FRAMEWORK_HEADER = YES;
				CLANG_WARN_RANGE_LOOP_ANALYSIS = YES;
				CLANG_WARN_STRICT_PROTOTYPES = YES;
				CLANG_WARN_SUSPICIOUS_MOVE = YES;
				CLANG_WARN_UNGUARDED_AVAILABILITY = YES_AGGRESSIVE;
				CLANG_WARN_UNREACHABLE_CODE = YES;
				CLANG_WARN__DUPLICATE_METHOD_MATCH = YES;
				COPY_PHASE_STRIP = NO;
				DEBUG_INFORMATION_FORMAT = "dwarf-with-dsym";
				ENABLE_NS_ASSERTIONS = NO;
				ENABLE_STRICT_OBJC_MSGSEND = YES;
				GCC_C_LANGUAGE_STANDARD = gnu11;
				GCC_NO_COMMON_BLOCKS = YES;
				GCC_WARN_64_TO_32_BIT_CONVERSION = YES;
				GCC_WARN_ABOUT_RETURN_TYPE = YES_ERROR;
				GCC_WARN_UNDECLARED_SELECTOR = YES;
				GCC_WARN_UNINITIALIZED_AUTOS = YES_AGGRESSIVE;
				GCC_WARN_UNUSED_FUNCTION = YES;
				GCC_WARN_UNUSED_VARIABLE = YES;
				IPHONEOS_DEPLOYMENT_TARGET = 16.0;
				MTL_ENABLE_DEBUG_INFO = NO;
				MTL_FAST_MATH = YES;
				SDKROOT = iphoneos;
				SWIFT_COMPILATION_MODE = wholemodule;
				SWIFT_OPTIMIZATION_LEVEL = "-O";
				VALIDATE_PRODUCT = YES;
			};
			name = Release;
		};
		16B62D9228D640E600084C45 /* Debug */ = {
			isa = XCBuildConfiguration;
			buildSettings = {
				ASSETCATALOG_COMPILER_APPICON_NAME = AppIcon;
				ASSETCATALOG_COMPILER_GLOBAL_ACCENT_COLOR_NAME = AccentColor;
				CODE_SIGN_STYLE = Automatic;
				CURRENT_PROJECT_VERSION = 1;
				DEVELOPMENT_ASSET_PATHS = "\"Learning/Preview Content\"";
				DEVELOPMENT_TEAM = A8U3P48DNG;
				ENABLE_PREVIEWS = YES;
				GENERATE_INFOPLIST_FILE = YES;
				INFOPLIST_KEY_UIApplicationSceneManifest_Generation = YES;
				INFOPLIST_KEY_UIApplicationSupportsIndirectInputEvents = YES;
				INFOPLIST_KEY_UILaunchScreen_Generation = YES;
				INFOPLIST_KEY_UISupportedInterfaceOrientations_iPad = "UIInterfaceOrientationPortrait UIInterfaceOrientationPortraitUpsideDown UIInterfaceOrientationLandscapeLeft UIInterfaceOrientationLandscapeRight";
				INFOPLIST_KEY_UISupportedInterfaceOrientations_iPhone = "UIInterfaceOrientationPortrait UIInterfaceOrientationLandscapeLeft UIInterfaceOrientationLandscapeRight";
				LD_RUNPATH_SEARCH_PATHS = (
					"$(inherited)",
					"@executable_path/Frameworks",
				);
				MARKETING_VERSION = 1.0;
				PRODUCT_BUNDLE_IDENTIFIER = jsummerville.Learning;
				PRODUCT_NAME = "$(TARGET_NAME)";
				SWIFT_EMIT_LOC_STRINGS = YES;
				SWIFT_VERSION = 5.0;
				TARGETED_DEVICE_FAMILY = "1,2";
			};
			name = Debug;
		};
		16B62D9328D640E600084C45 /* Release */ = {
			isa = XCBuildConfiguration;
			buildSettings = {
				ASSETCATALOG_COMPILER_APPICON_NAME = AppIcon;
				ASSETCATALOG_COMPILER_GLOBAL_ACCENT_COLOR_NAME = AccentColor;
				CODE_SIGN_STYLE = Automatic;
				CURRENT_PROJECT_VERSION = 1;
				DEVELOPMENT_ASSET_PATHS = "\"Learning/Preview Content\"";
				DEVELOPMENT_TEAM = A8U3P48DNG;
				ENABLE_PREVIEWS = YES;
				GENERATE_INFOPLIST_FILE = YES;
				INFOPLIST_KEY_UIApplicationSceneManifest_Generation = YES;
				INFOPLIST_KEY_UIApplicationSupportsIndirectInputEvents = YES;
				INFOPLIST_KEY_UILaunchScreen_Generation = YES;
				INFOPLIST_KEY_UISupportedInterfaceOrientations_iPad = "UIInterfaceOrientationPortrait UIInterfaceOrientationPortraitUpsideDown UIInterfaceOrientationLandscapeLeft UIInterfaceOrientationLandscapeRight";
				INFOPLIST_KEY_UISupportedInterfaceOrientations_iPhone = "UIInterfaceOrientationPortrait UIInterfaceOrientationLandscapeLeft UIInterfaceOrientationLandscapeRight";
				LD_RUNPATH_SEARCH_PATHS = (
					"$(inherited)",
					"@executable_path/Frameworks",
				);
				MARKETING_VERSION = 1.0;
				PRODUCT_BUNDLE_IDENTIFIER = jsummerville.Learning;
				PRODUCT_NAME = "$(TARGET_NAME)";
				SWIFT_EMIT_LOC_STRINGS = YES;
				SWIFT_VERSION = 5.0;
				TARGETED_DEVICE_FAMILY = "1,2";
			};
			name = Release;
		};
/* End XCBuildConfiguration section */

/* Begin XCConfigurationList section */
		16B62D7E28D640E400084C45 /* Build configuration list for PBXProject "Learning" */ = {
			isa = XCConfigurationList;
			buildConfigurations = (
				16B62D8F28D640E600084C45 /* Debug */,
				16B62D9028D640E600084C45 /* Release */,
			);
			defaultConfigurationIsVisible = 0;
			defaultConfigurationName = Release;
		};
		16B62D9128D640E600084C45 /* Build configuration list for PBXNativeTarget "Learning" */ = {
			isa = XCConfigurationList;
			buildConfigurations = (
				16B62D9228D640E600084C45 /* Debug */,
				16B62D9328D640E600084C45 /* Release */,
			);
			defaultConfigurationIsVisible = 0;
			defaultConfigurationName = Release;
		};
/* End XCConfigurationList section */
	};
	rootObject = 16B62D7B28D640E400084C45 /* Project object */;
}
