// !$*UTF8*$!
{
	archiveVersion = 1;
	classes = {
	};
	objectVersion = 55;
	objects = {

/* Begin PBXBuildFile section */
		160381F828B444A400086CCC /* Rational.swift in Sources */ = {isa = PBXBuildFile; fileRef = 160381F728B444A400086CCC /* Rational.swift */; };
		160381FA28B44E9500086CCC /* RecipeHighlights.swift in Sources */ = {isa = PBXBuildFile; fileRef = 160381F928B44E9500086CCC /* RecipeHighlights.swift */; };
		163DE36128AB194D0037FF82 /* Recipe.swift in Sources */ = {isa = PBXBuildFile; fileRef = 163DE36028AB194D0037FF82 /* Recipe.swift */; };
		163DE36328AB19580037FF82 /* RecipeModel.swift in Sources */ = {isa = PBXBuildFile; fileRef = 163DE36228AB19580037FF82 /* RecipeModel.swift */; };
		163DE36628AC9A9A0037FF82 /* recipes.json in Resources */ = {isa = PBXBuildFile; fileRef = 163DE36528AC9A9A0037FF82 /* recipes.json */; };
		163DE36928ADD7E90037FF82 /* DataServices.swift in Sources */ = {isa = PBXBuildFile; fileRef = 163DE36828ADD7E90037FF82 /* DataServices.swift */; };
		16B46E0D28A967CB00E9141C /* RecipesApp.swift in Sources */ = {isa = PBXBuildFile; fileRef = 16B46E0C28A967CB00E9141C /* RecipesApp.swift */; };
		16B46E0F28A967CB00E9141C /* RecipeListView.swift in Sources */ = {isa = PBXBuildFile; fileRef = 16B46E0E28A967CB00E9141C /* RecipeListView.swift */; };
		16B46E1128A967CD00E9141C /* Assets.xcassets in Resources */ = {isa = PBXBuildFile; fileRef = 16B46E1028A967CD00E9141C /* Assets.xcassets */; };
		16B46E1428A967CD00E9141C /* Preview Assets.xcassets in Resources */ = {isa = PBXBuildFile; fileRef = 16B46E1328A967CD00E9141C /* Preview Assets.xcassets */; };
		16C2695D28B1471800A82E92 /* RecipeDetailView.swift in Sources */ = {isa = PBXBuildFile; fileRef = 16C2695C28B1471800A82E92 /* RecipeDetailView.swift */; };
		16C2695F28B1507D00A82E92 /* MainView.swift in Sources */ = {isa = PBXBuildFile; fileRef = 16C2695E28B1507D00A82E92 /* MainView.swift */; };
		16C2696128B154A300A82E92 /* Ingredient.swift in Sources */ = {isa = PBXBuildFile; fileRef = 16C2696028B154A300A82E92 /* Ingredient.swift */; };
		16C2696328B155FC00A82E92 /* FeaturedView.swift in Sources */ = {isa = PBXBuildFile; fileRef = 16C2696228B155FC00A82E92 /* FeaturedView.swift */; };
/* End PBXBuildFile section */

/* Begin PBXFileReference section */
		160381F728B444A400086CCC /* Rational.swift */ = {isa = PBXFileReference; fileEncoding = 4; lastKnownFileType = sourcecode.swift; path = Rational.swift; sourceTree = "<group>"; };
		160381F928B44E9500086CCC /* RecipeHighlights.swift */ = {isa = PBXFileReference; lastKnownFileType = sourcecode.swift; path = RecipeHighlights.swift; sourceTree = "<group>"; };
		163DE36028AB194D0037FF82 /* Recipe.swift */ = {isa = PBXFileReference; lastKnownFileType = sourcecode.swift; path = Recipe.swift; sourceTree = "<group>"; };
		163DE36228AB19580037FF82 /* RecipeModel.swift */ = {isa = PBXFileReference; lastKnownFileType = sourcecode.swift; path = RecipeModel.swift; sourceTree = "<group>"; };
		163DE36528AC9A9A0037FF82 /* recipes.json */ = {isa = PBXFileReference; lastKnownFileType = text.json; path = recipes.json; sourceTree = "<group>"; };
		163DE36828ADD7E90037FF82 /* DataServices.swift */ = {isa = PBXFileReference; lastKnownFileType = sourcecode.swift; path = DataServices.swift; sourceTree = "<group>"; };
		16B46E0928A967CB00E9141C /* Recipes.app */ = {isa = PBXFileReference; explicitFileType = wrapper.application; includeInIndex = 0; path = Recipes.app; sourceTree = BUILT_PRODUCTS_DIR; };
		16B46E0C28A967CB00E9141C /* RecipesApp.swift */ = {isa = PBXFileReference; lastKnownFileType = sourcecode.swift; path = RecipesApp.swift; sourceTree = "<group>"; };
		16B46E0E28A967CB00E9141C /* RecipeListView.swift */ = {isa = PBXFileReference; lastKnownFileType = sourcecode.swift; path = RecipeListView.swift; sourceTree = "<group>"; };
		16B46E1028A967CD00E9141C /* Assets.xcassets */ = {isa = PBXFileReference; lastKnownFileType = folder.assetcatalog; path = Assets.xcassets; sourceTree = "<group>"; };
		16B46E1328A967CD00E9141C /* Preview Assets.xcassets */ = {isa = PBXFileReference; lastKnownFileType = folder.assetcatalog; path = "Preview Assets.xcassets"; sourceTree = "<group>"; };
		16C2695C28B1471800A82E92 /* RecipeDetailView.swift */ = {isa = PBXFileReference; lastKnownFileType = sourcecode.swift; path = RecipeDetailView.swift; sourceTree = "<group>"; };
		16C2695E28B1507D00A82E92 /* MainView.swift */ = {isa = PBXFileReference; lastKnownFileType = sourcecode.swift; path = MainView.swift; sourceTree = "<group>"; };
		16C2696028B154A300A82E92 /* Ingredient.swift */ = {isa = PBXFileReference; lastKnownFileType = sourcecode.swift; path = Ingredient.swift; sourceTree = "<group>"; };
		16C2696228B155FC00A82E92 /* FeaturedView.swift */ = {isa = PBXFileReference; lastKnownFileType = sourcecode.swift; path = FeaturedView.swift; sourceTree = "<group>"; };
/* End PBXFileReference section */

/* Begin PBXFrameworksBuildPhase section */
		16B46E0628A967CB00E9141C /* Frameworks */ = {
			isa = PBXFrameworksBuildPhase;
			buildActionMask = 2147483647;
			files = (
			);
			runOnlyForDeploymentPostprocessing = 0;
		};
/* End PBXFrameworksBuildPhase section */

/* Begin PBXGroup section */
		160381F628B4447C00086CCC /* Utilities */ = {
			isa = PBXGroup;
			children = (
				160381F728B444A400086CCC /* Rational.swift */,
			);
			path = Utilities;
			sourceTree = "<group>";
		};
		163DE35D28AB191C0037FF82 /* Models */ = {
			isa = PBXGroup;
			children = (
				163DE36028AB194D0037FF82 /* Recipe.swift */,
				16C2696028B154A300A82E92 /* Ingredient.swift */,
			);
			path = Models;
			sourceTree = "<group>";
		};
		163DE35E28AB19230037FF82 /* ViewModels */ = {
			isa = PBXGroup;
			children = (
				163DE36228AB19580037FF82 /* RecipeModel.swift */,
			);
			path = ViewModels;
			sourceTree = "<group>";
		};
		163DE35F28AB192B0037FF82 /* Views */ = {
			isa = PBXGroup;
			children = (
				16B46E0E28A967CB00E9141C /* RecipeListView.swift */,
				16C2695C28B1471800A82E92 /* RecipeDetailView.swift */,
				16C2696228B155FC00A82E92 /* FeaturedView.swift */,
				16C2695E28B1507D00A82E92 /* MainView.swift */,
				160381F928B44E9500086CCC /* RecipeHighlights.swift */,
			);
			path = Views;
			sourceTree = "<group>";
		};
		163DE36428AC9A820037FF82 /* Data */ = {
			isa = PBXGroup;
			children = (
				163DE36528AC9A9A0037FF82 /* recipes.json */,
			);
			path = Data;
			sourceTree = "<group>";
		};
		163DE36728ADD7B70037FF82 /* Services */ = {
			isa = PBXGroup;
			children = (
				163DE36828ADD7E90037FF82 /* DataServices.swift */,
			);
			path = Services;
			sourceTree = "<group>";
		};
		16B46E0028A967CB00E9141C = {
			isa = PBXGroup;
			children = (
				16B46E0B28A967CB00E9141C /* Recipes */,
				16B46E0A28A967CB00E9141C /* Products */,
			);
			sourceTree = "<group>";
		};
		16B46E0A28A967CB00E9141C /* Products */ = {
			isa = PBXGroup;
			children = (
				16B46E0928A967CB00E9141C /* Recipes.app */,
			);
			name = Products;
			sourceTree = "<group>";
		};
		16B46E0B28A967CB00E9141C /* Recipes */ = {
			isa = PBXGroup;
			children = (
				16B46E0C28A967CB00E9141C /* RecipesApp.swift */,
				163DE35F28AB192B0037FF82 /* Views */,
				163DE35E28AB19230037FF82 /* ViewModels */,
				163DE35D28AB191C0037FF82 /* Models */,
				163DE36428AC9A820037FF82 /* Data */,
				163DE36728ADD7B70037FF82 /* Services */,
				160381F628B4447C00086CCC /* Utilities */,
				16B46E1028A967CD00E9141C /* Assets.xcassets */,
				16B46E1228A967CD00E9141C /* Preview Content */,
			);
			path = Recipes;
			sourceTree = "<group>";
		};
		16B46E1228A967CD00E9141C /* Preview Content */ = {
			isa = PBXGroup;
			children = (
				16B46E1328A967CD00E9141C /* Preview Assets.xcassets */,
			);
			path = "Preview Content";
			sourceTree = "<group>";
		};
/* End PBXGroup section */

/* Begin PBXNativeTarget section */
		16B46E0828A967CB00E9141C /* Recipes */ = {
			isa = PBXNativeTarget;
			buildConfigurationList = 16B46E1728A967CD00E9141C /* Build configuration list for PBXNativeTarget "Recipes" */;
			buildPhases = (
				16B46E0528A967CB00E9141C /* Sources */,
				16B46E0628A967CB00E9141C /* Frameworks */,
				16B46E0728A967CB00E9141C /* Resources */,
			);
			buildRules = (
			);
			dependencies = (
			);
			name = Recipes;
			productName = Recipes;
			productReference = 16B46E0928A967CB00E9141C /* Recipes.app */;
			productType = "com.apple.product-type.application";
		};
/* End PBXNativeTarget section */

/* Begin PBXProject section */
		16B46E0128A967CB00E9141C /* Project object */ = {
			isa = PBXProject;
			attributes = {
				BuildIndependentTargetsInParallel = 1;
				LastSwiftUpdateCheck = 1340;
				LastUpgradeCheck = 1340;
				TargetAttributes = {
					16B46E0828A967CB00E9141C = {
						CreatedOnToolsVersion = 13.4.1;
					};
				};
			};
			buildConfigurationList = 16B46E0428A967CB00E9141C /* Build configuration list for PBXProject "Recipes" */;
			compatibilityVersion = "Xcode 13.0";
			developmentRegion = en;
			hasScannedForEncodings = 0;
			knownRegions = (
				en,
				Base,
			);
			mainGroup = 16B46E0028A967CB00E9141C;
			productRefGroup = 16B46E0A28A967CB00E9141C /* Products */;
			projectDirPath = "";
			projectRoot = "";
			targets = (
				16B46E0828A967CB00E9141C /* Recipes */,
			);
		};
/* End PBXProject section */

/* Begin PBXResourcesBuildPhase section */
		16B46E0728A967CB00E9141C /* Resources */ = {
			isa = PBXResourcesBuildPhase;
			buildActionMask = 2147483647;
			files = (
				16B46E1428A967CD00E9141C /* Preview Assets.xcassets in Resources */,
				163DE36628AC9A9A0037FF82 /* recipes.json in Resources */,
				16B46E1128A967CD00E9141C /* Assets.xcassets in Resources */,
			);
			runOnlyForDeploymentPostprocessing = 0;
		};
/* End PBXResourcesBuildPhase section */

/* Begin PBXSourcesBuildPhase section */
		16B46E0528A967CB00E9141C /* Sources */ = {
			isa = PBXSourcesBuildPhase;
			buildActionMask = 2147483647;
			files = (
				163DE36928ADD7E90037FF82 /* DataServices.swift in Sources */,
				16C2695F28B1507D00A82E92 /* MainView.swift in Sources */,
				16C2695D28B1471800A82E92 /* RecipeDetailView.swift in Sources */,
				163DE36128AB194D0037FF82 /* Recipe.swift in Sources */,
				16C2696128B154A300A82E92 /* Ingredient.swift in Sources */,
				160381FA28B44E9500086CCC /* RecipeHighlights.swift in Sources */,
				163DE36328AB19580037FF82 /* RecipeModel.swift in Sources */,
				16B46E0F28A967CB00E9141C /* RecipeListView.swift in Sources */,
				160381F828B444A400086CCC /* Rational.swift in Sources */,
				16C2696328B155FC00A82E92 /* FeaturedView.swift in Sources */,
				16B46E0D28A967CB00E9141C /* RecipesApp.swift in Sources */,
			);
			runOnlyForDeploymentPostprocessing = 0;
		};
/* End PBXSourcesBuildPhase section */

/* Begin XCBuildConfiguration section */
		16B46E1528A967CD00E9141C /* Debug */ = {
			isa = XCBuildConfiguration;
			buildSettings = {
				ALWAYS_SEARCH_USER_PATHS = NO;
				CLANG_ANALYZER_NONNULL = YES;
				CLANG_ANALYZER_NUMBER_OBJECT_CONVERSION = YES_AGGRESSIVE;
				CLANG_CXX_LANGUAGE_STANDARD = "gnu++17";
				CLANG_ENABLE_MODULES = YES;
				CLANG_ENABLE_OBJC_ARC = YES;
				CLANG_ENABLE_OBJC_WEAK = YES;
				CLANG_WARN_BLOCK_CAPTURE_AUTORELEASING = YES;
				CLANG_WARN_BOOL_CONVERSION = YES;
				CLANG_WARN_COMMA = YES;
				CLANG_WARN_CONSTANT_CONVERSION = YES;
				CLANG_WARN_DEPRECATED_OBJC_IMPLEMENTATIONS = YES;
				CLANG_WARN_DIRECT_OBJC_ISA_USAGE = YES_ERROR;
				CLANG_WARN_DOCUMENTATION_COMMENTS = YES;
				CLANG_WARN_EMPTY_BODY = YES;
				CLANG_WARN_ENUM_CONVERSION = YES;
				CLANG_WARN_INFINITE_RECURSION = YES;
				CLANG_WARN_INT_CONVERSION = YES;
				CLANG_WARN_NON_LITERAL_NULL_CONVERSION = YES;
				CLANG_WARN_OBJC_IMPLICIT_RETAIN_SELF = YES;
				CLANG_WARN_OBJC_LITERAL_CONVERSION = YES;
				CLANG_WARN_OBJC_ROOT_CLASS = YES_ERROR;
				CLANG_WARN_QUOTED_INCLUDE_IN_FRAMEWORK_HEADER = YES;
				CLANG_WARN_RANGE_LOOP_ANALYSIS = YES;
				CLANG_WARN_STRICT_PROTOTYPES = YES;
				CLANG_WARN_SUSPICIOUS_MOVE = YES;
				CLANG_WARN_UNGUARDED_AVAILABILITY = YES_AGGRESSIVE;
				CLANG_WARN_UNREACHABLE_CODE = YES;
				CLANG_WARN__DUPLICATE_METHOD_MATCH = YES;
				COPY_PHASE_STRIP = NO;
				DEBUG_INFORMATION_FORMAT = dwarf;
				ENABLE_STRICT_OBJC_MSGSEND = YES;
				ENABLE_TESTABILITY = YES;
				GCC_C_LANGUAGE_STANDARD = gnu11;
				GCC_DYNAMIC_NO_PIC = NO;
				GCC_NO_COMMON_BLOCKS = YES;
				GCC_OPTIMIZATION_LEVEL = 0;
				GCC_PREPROCESSOR_DEFINITIONS = (
					"DEBUG=1",
					"$(inherited)",
				);
				GCC_WARN_64_TO_32_BIT_CONVERSION = YES;
				GCC_WARN_ABOUT_RETURN_TYPE = YES_ERROR;
				GCC_WARN_UNDECLARED_SELECTOR = YES;
				GCC_WARN_UNINITIALIZED_AUTOS = YES_AGGRESSIVE;
				GCC_WARN_UNUSED_FUNCTION = YES;
				GCC_WARN_UNUSED_VARIABLE = YES;
				IPHONEOS_DEPLOYMENT_TARGET = 15.5;
				MTL_ENABLE_DEBUG_INFO = INCLUDE_SOURCE;
				MTL_FAST_MATH = YES;
				ONLY_ACTIVE_ARCH = YES;
				SDKROOT = iphoneos;
				SWIFT_ACTIVE_COMPILATION_CONDITIONS = DEBUG;
				SWIFT_OPTIMIZATION_LEVEL = "-Onone";
			};
			name = Debug;
		};
		16B46E1628A967CD00E9141C /* Release */ = {
			isa = XCBuildConfiguration;
			buildSettings = {
				ALWAYS_SEARCH_USER_PATHS = NO;
				CLANG_ANALYZER_NONNULL = YES;
				CLANG_ANALYZER_NUMBER_OBJECT_CONVERSION = YES_AGGRESSIVE;
				CLANG_CXX_LANGUAGE_STANDARD = "gnu++17";
				CLANG_ENABLE_MODULES = YES;
				CLANG_ENABLE_OBJC_ARC = YES;
				CLANG_ENABLE_OBJC_WEAK = YES;
				CLANG_WARN_BLOCK_CAPTURE_AUTORELEASING = YES;
				CLANG_WARN_BOOL_CONVERSION = YES;
				CLANG_WARN_COMMA = YES;
				CLANG_WARN_CONSTANT_CONVERSION = YES;
				CLANG_WARN_DEPRECATED_OBJC_IMPLEMENTATIONS = YES;
				CLANG_WARN_DIRECT_OBJC_ISA_USAGE = YES_ERROR;
				CLANG_WARN_DOCUMENTATION_COMMENTS = YES;
				CLANG_WARN_EMPTY_BODY = YES;
				CLANG_WARN_ENUM_CONVERSION = YES;
				CLANG_WARN_INFINITE_RECURSION = YES;
				CLANG_WARN_INT_CONVERSION = YES;
				CLANG_WARN_NON_LITERAL_NULL_CONVERSION = YES;
				CLANG_WARN_OBJC_IMPLICIT_RETAIN_SELF = YES;
				CLANG_WARN_OBJC_LITERAL_CONVERSION = YES;
				CLANG_WARN_OBJC_ROOT_CLASS = YES_ERROR;
				CLANG_WARN_QUOTED_INCLUDE_IN_FRAMEWORK_HEADER = YES;
				CLANG_WARN_RANGE_LOOP_ANALYSIS = YES;
				CLANG_WARN_STRICT_PROTOTYPES = YES;
				CLANG_WARN_SUSPICIOUS_MOVE = YES;
				CLANG_WARN_UNGUARDED_AVAILABILITY = YES_AGGRESSIVE;
				CLANG_WARN_UNREACHABLE_CODE = YES;
				CLANG_WARN__DUPLICATE_METHOD_MATCH = YES;
				COPY_PHASE_STRIP = NO;
				DEBUG_INFORMATION_FORMAT = "dwarf-with-dsym";
				ENABLE_NS_ASSERTIONS = NO;
				ENABLE_STRICT_OBJC_MSGSEND = YES;
				GCC_C_LANGUAGE_STANDARD = gnu11;
				GCC_NO_COMMON_BLOCKS = YES;
				GCC_WARN_64_TO_32_BIT_CONVERSION = YES;
				GCC_WARN_ABOUT_RETURN_TYPE = YES_ERROR;
				GCC_WARN_UNDECLARED_SELECTOR = YES;
				GCC_WARN_UNINITIALIZED_AUTOS = YES_AGGRESSIVE;
				GCC_WARN_UNUSED_FUNCTION = YES;
				GCC_WARN_UNUSED_VARIABLE = YES;
				IPHONEOS_DEPLOYMENT_TARGET = 15.5;
				MTL_ENABLE_DEBUG_INFO = NO;
				MTL_FAST_MATH = YES;
				SDKROOT = iphoneos;
				SWIFT_COMPILATION_MODE = wholemodule;
				SWIFT_OPTIMIZATION_LEVEL = "-O";
				VALIDATE_PRODUCT = YES;
			};
			name = Release;
		};
		16B46E1828A967CD00E9141C /* Debug */ = {
			isa = XCBuildConfiguration;
			buildSettings = {
				ASSETCATALOG_COMPILER_APPICON_NAME = AppIcon;
				ASSETCATALOG_COMPILER_GLOBAL_ACCENT_COLOR_NAME = AccentColor;
				CODE_SIGN_STYLE = Automatic;
				CURRENT_PROJECT_VERSION = 1;
				DEVELOPMENT_ASSET_PATHS = "\"Recipes/Preview Content\"";
				DEVELOPMENT_TEAM = A8U3P48DNG;
				ENABLE_PREVIEWS = YES;
				GENERATE_INFOPLIST_FILE = YES;
				INFOPLIST_KEY_UIApplicationSceneManifest_Generation = YES;
				INFOPLIST_KEY_UIApplicationSupportsIndirectInputEvents = YES;
				INFOPLIST_KEY_UILaunchScreen_Generation = YES;
				INFOPLIST_KEY_UISupportedInterfaceOrientations_iPad = "UIInterfaceOrientationPortrait UIInterfaceOrientationPortraitUpsideDown UIInterfaceOrientationLandscapeLeft UIInterfaceOrientationLandscapeRight";
				INFOPLIST_KEY_UISupportedInterfaceOrientations_iPhone = "UIInterfaceOrientationPortrait UIInterfaceOrientationLandscapeLeft UIInterfaceOrientationLandscapeRight";
				LD_RUNPATH_SEARCH_PATHS = (
					"$(inherited)",
					"@executable_path/Frameworks",
				);
				MARKETING_VERSION = 1.0;
				PRODUCT_BUNDLE_IDENTIFIER = jsummerville.Recipes;
				PRODUCT_NAME = "$(TARGET_NAME)";
				SWIFT_EMIT_LOC_STRINGS = YES;
				SWIFT_VERSION = 5.0;
				TARGETED_DEVICE_FAMILY = "1,2";
			};
			name = Debug;
		};
		16B46E1928A967CD00E9141C /* Release */ = {
			isa = XCBuildConfiguration;
			buildSettings = {
				ASSETCATALOG_COMPILER_APPICON_NAME = AppIcon;
				ASSETCATALOG_COMPILER_GLOBAL_ACCENT_COLOR_NAME = AccentColor;
				CODE_SIGN_STYLE = Automatic;
				CURRENT_PROJECT_VERSION = 1;
				DEVELOPMENT_ASSET_PATHS = "\"Recipes/Preview Content\"";
				DEVELOPMENT_TEAM = A8U3P48DNG;
				ENABLE_PREVIEWS = YES;
				GENERATE_INFOPLIST_FILE = YES;
				INFOPLIST_KEY_UIApplicationSceneManifest_Generation = YES;
				INFOPLIST_KEY_UIApplicationSupportsIndirectInputEvents = YES;
				INFOPLIST_KEY_UILaunchScreen_Generation = YES;
				INFOPLIST_KEY_UISupportedInterfaceOrientations_iPad = "UIInterfaceOrientationPortrait UIInterfaceOrientationPortraitUpsideDown UIInterfaceOrientationLandscapeLeft UIInterfaceOrientationLandscapeRight";
				INFOPLIST_KEY_UISupportedInterfaceOrientations_iPhone = "UIInterfaceOrientationPortrait UIInterfaceOrientationLandscapeLeft UIInterfaceOrientationLandscapeRight";
				LD_RUNPATH_SEARCH_PATHS = (
					"$(inherited)",
					"@executable_path/Frameworks",
				);
				MARKETING_VERSION = 1.0;
				PRODUCT_BUNDLE_IDENTIFIER = jsummerville.Recipes;
				PRODUCT_NAME = "$(TARGET_NAME)";
				SWIFT_EMIT_LOC_STRINGS = YES;
				SWIFT_VERSION = 5.0;
				TARGETED_DEVICE_FAMILY = "1,2";
			};
			name = Release;
		};
/* End XCBuildConfiguration section */

/* Begin XCConfigurationList section */
		16B46E0428A967CB00E9141C /* Build configuration list for PBXProject "Recipes" */ = {
			isa = XCConfigurationList;
			buildConfigurations = (
				16B46E1528A967CD00E9141C /* Debug */,
				16B46E1628A967CD00E9141C /* Release */,
			);
			defaultConfigurationIsVisible = 0;
			defaultConfigurationName = Release;
		};
		16B46E1728A967CD00E9141C /* Build configuration list for PBXNativeTarget "Recipes" */ = {
			isa = XCConfigurationList;
			buildConfigurations = (
				16B46E1828A967CD00E9141C /* Debug */,
				16B46E1928A967CD00E9141C /* Release */,
			);
			defaultConfigurationIsVisible = 0;
			defaultConfigurationName = Release;
		};
/* End XCConfigurationList section */
	};
	rootObject = 16B46E0128A967CB00E9141C /* Project object */;
}
