// !$*UTF8*$!
{
	archiveVersion = 1;
	classes = {
	};
	objectVersion = 56;
	objects = {

/* Begin PBXBuildFile section */
		164D4FB829608893000C47D7 /* ChatApp.swift in Sources */ = {isa = PBXBuildFile; fileRef = 164D4FB729608893000C47D7 /* ChatApp.swift */; };
		164D4FBA29608893000C47D7 /* ContentView.swift in Sources */ = {isa = PBXBuildFile; fileRef = 164D4FB929608893000C47D7 /* ContentView.swift */; };
		164D4FBC29608894000C47D7 /* Assets.xcassets in Resources */ = {isa = PBXBuildFile; fileRef = 164D4FBB29608894000C47D7 /* Assets.xcassets */; };
		164D4FBF29608894000C47D7 /* Preview Assets.xcassets in Resources */ = {isa = PBXBuildFile; fileRef = 164D4FBE29608894000C47D7 /* Preview Assets.xcassets */; };
		164D4FD1296091EB000C47D7 /* LexendDeca-Bold.ttf in Resources */ = {isa = PBXBuildFile; fileRef = 164D4FCE296091EB000C47D7 /* LexendDeca-Bold.ttf */; };
		164D4FD2296091EB000C47D7 /* LexendDeca-Regular.ttf in Resources */ = {isa = PBXBuildFile; fileRef = 164D4FCF296091EB000C47D7 /* LexendDeca-Regular.ttf */; };
		164D4FD3296091EB000C47D7 /* LexendDeca-SemiBold.ttf in Resources */ = {isa = PBXBuildFile; fileRef = 164D4FD0296091EB000C47D7 /* LexendDeca-SemiBold.ttf */; };
		164D4FD629609411000C47D7 /* Fonts.swift in Sources */ = {isa = PBXBuildFile; fileRef = 164D4FD529609411000C47D7 /* Fonts.swift */; };
		164D4FD92960B433000C47D7 /* TabBar.swift in Sources */ = {isa = PBXBuildFile; fileRef = 164D4FD82960B433000C47D7 /* TabBar.swift */; };
		164D4FDB2960B47D000C47D7 /* TabBarIcon.swift in Sources */ = {isa = PBXBuildFile; fileRef = 164D4FDA2960B47D000C47D7 /* TabBarIcon.swift */; };
		164D4FDD2960C0C4000C47D7 /* GoogleService-Info.plist in Resources */ = {isa = PBXBuildFile; fileRef = 164D4FDC2960C0C4000C47D7 /* GoogleService-Info.plist */; };
		164D4FE02960C268000C47D7 /* FirebaseAuth in Frameworks */ = {isa = PBXBuildFile; productRef = 164D4FDF2960C268000C47D7 /* FirebaseAuth */; };
		164D4FE22960C268000C47D7 /* FirebaseFirestore in Frameworks */ = {isa = PBXBuildFile; productRef = 164D4FE12960C268000C47D7 /* FirebaseFirestore */; };
		164D4FE42960C268000C47D7 /* FirebaseFirestoreSwift in Frameworks */ = {isa = PBXBuildFile; productRef = 164D4FE32960C268000C47D7 /* FirebaseFirestoreSwift */; };
		164D4FE62960C268000C47D7 /* FirebaseStorage in Frameworks */ = {isa = PBXBuildFile; productRef = 164D4FE52960C268000C47D7 /* FirebaseStorage */; };
		164D4FE82960C2D1000C47D7 /* AppDelegate.swift in Sources */ = {isa = PBXBuildFile; fileRef = 164D4FE72960C2D1000C47D7 /* AppDelegate.swift */; };
		164D4FEB2960C6F0000C47D7 /* AuthViewModel.swift in Sources */ = {isa = PBXBuildFile; fileRef = 164D4FEA2960C6F0000C47D7 /* AuthViewModel.swift */; };
/* End PBXBuildFile section */

/* Begin PBXFileReference section */
		164D4FB429608893000C47D7 /* ChatApp.app */ = {isa = PBXFileReference; explicitFileType = wrapper.application; includeInIndex = 0; path = ChatApp.app; sourceTree = BUILT_PRODUCTS_DIR; };
		164D4FB729608893000C47D7 /* ChatApp.swift */ = {isa = PBXFileReference; lastKnownFileType = sourcecode.swift; path = ChatApp.swift; sourceTree = "<group>"; };
		164D4FB929608893000C47D7 /* ContentView.swift */ = {isa = PBXFileReference; lastKnownFileType = sourcecode.swift; path = ContentView.swift; sourceTree = "<group>"; };
		164D4FBB29608894000C47D7 /* Assets.xcassets */ = {isa = PBXFileReference; lastKnownFileType = folder.assetcatalog; path = Assets.xcassets; sourceTree = "<group>"; };
		164D4FBE29608894000C47D7 /* Preview Assets.xcassets */ = {isa = PBXFileReference; lastKnownFileType = folder.assetcatalog; path = "Preview Assets.xcassets"; sourceTree = "<group>"; };
		164D4FCE296091EB000C47D7 /* LexendDeca-Bold.ttf */ = {isa = PBXFileReference; lastKnownFileType = file; path = "LexendDeca-Bold.ttf"; sourceTree = "<group>"; };
		164D4FCF296091EB000C47D7 /* LexendDeca-Regular.ttf */ = {isa = PBXFileReference; lastKnownFileType = file; path = "LexendDeca-Regular.ttf"; sourceTree = "<group>"; };
		164D4FD0296091EB000C47D7 /* LexendDeca-SemiBold.ttf */ = {isa = PBXFileReference; lastKnownFileType = file; path = "LexendDeca-SemiBold.ttf"; sourceTree = "<group>"; };
		164D4FD429609295000C47D7 /* Info.plist */ = {isa = PBXFileReference; lastKnownFileType = text.plist; path = Info.plist; sourceTree = "<group>"; };
		164D4FD529609411000C47D7 /* Fonts.swift */ = {isa = PBXFileReference; lastKnownFileType = sourcecode.swift; path = Fonts.swift; sourceTree = "<group>"; };
		164D4FD82960B433000C47D7 /* TabBar.swift */ = {isa = PBXFileReference; lastKnownFileType = sourcecode.swift; path = TabBar.swift; sourceTree = "<group>"; };
		164D4FDA2960B47D000C47D7 /* TabBarIcon.swift */ = {isa = PBXFileReference; lastKnownFileType = sourcecode.swift; path = TabBarIcon.swift; sourceTree = "<group>"; };
		164D4FDC2960C0C4000C47D7 /* GoogleService-Info.plist */ = {isa = PBXFileReference; lastKnownFileType = text.plist.xml; name = "GoogleService-Info.plist"; path = "ChatApp/GoogleService-Info.plist"; sourceTree = SOURCE_ROOT; };
		164D4FE72960C2D1000C47D7 /* AppDelegate.swift */ = {isa = PBXFileReference; lastKnownFileType = sourcecode.swift; path = AppDelegate.swift; sourceTree = "<group>"; };
		164D4FE92960C554000C47D7 /* ChatApp.entitlements */ = {isa = PBXFileReference; lastKnownFileType = text.plist.entitlements; path = ChatApp.entitlements; sourceTree = "<group>"; };
		164D4FEA2960C6F0000C47D7 /* AuthViewModel.swift */ = {isa = PBXFileReference; lastKnownFileType = sourcecode.swift; path = AuthViewModel.swift; sourceTree = "<group>"; };
/* End PBXFileReference section */

/* Begin PBXFrameworksBuildPhase section */
		164D4FB129608893000C47D7 /* Frameworks */ = {
			isa = PBXFrameworksBuildPhase;
			buildActionMask = 2147483647;
			files = (
				164D4FE02960C268000C47D7 /* FirebaseAuth in Frameworks */,
				164D4FE62960C268000C47D7 /* FirebaseStorage in Frameworks */,
				164D4FE22960C268000C47D7 /* FirebaseFirestore in Frameworks */,
				164D4FE42960C268000C47D7 /* FirebaseFirestoreSwift in Frameworks */,
			);
			runOnlyForDeploymentPostprocessing = 0;
		};
/* End PBXFrameworksBuildPhase section */

/* Begin PBXGroup section */
		164D4FAB29608893000C47D7 = {
			isa = PBXGroup;
			children = (
				164D4FB629608893000C47D7 /* ChatApp */,
				164D4FB529608893000C47D7 /* Products */,
			);
			sourceTree = "<group>";
		};
		164D4FB529608893000C47D7 /* Products */ = {
			isa = PBXGroup;
			children = (
				164D4FB429608893000C47D7 /* ChatApp.app */,
			);
			name = Products;
			sourceTree = "<group>";
		};
		164D4FB629608893000C47D7 /* ChatApp */ = {
			isa = PBXGroup;
			children = (
				164D4FE92960C554000C47D7 /* ChatApp.entitlements */,
				164D4FD429609295000C47D7 /* Info.plist */,
				164D4FDC2960C0C4000C47D7 /* GoogleService-Info.plist */,
				164D4FBB29608894000C47D7 /* Assets.xcassets */,
				164D4FBD29608894000C47D7 /* Preview Content */,
				164D4FB729608893000C47D7 /* ChatApp.swift */,
				164D4FC729608F5C000C47D7 /* Models */,
				164D4FC929608F67000C47D7 /* Utilities */,
				164D4FC629608F55000C47D7 /* ViewModels */,
				164D4FC529608F4F000C47D7 /* Views */,
				164D4FE72960C2D1000C47D7 /* AppDelegate.swift */,
			);
			path = ChatApp;
			sourceTree = "<group>";
		};
		164D4FBD29608894000C47D7 /* Preview Content */ = {
			isa = PBXGroup;
			children = (
				164D4FBE29608894000C47D7 /* Preview Assets.xcassets */,
			);
			path = "Preview Content";
			sourceTree = "<group>";
		};
		164D4FC529608F4F000C47D7 /* Views */ = {
			isa = PBXGroup;
			children = (
				164D4FD72960B410000C47D7 /* TabBar */,
				164D4FB929608893000C47D7 /* ContentView.swift */,
			);
			path = Views;
			sourceTree = "<group>";
		};
		164D4FC629608F55000C47D7 /* ViewModels */ = {
			isa = PBXGroup;
			children = (
				164D4FEA2960C6F0000C47D7 /* AuthViewModel.swift */,
			);
			path = ViewModels;
			sourceTree = "<group>";
		};
		164D4FC729608F5C000C47D7 /* Models */ = {
			isa = PBXGroup;
			children = (
			);
			path = Models;
			sourceTree = "<group>";
		};
		164D4FC829608F60000C47D7 /* Services */ = {
			isa = PBXGroup;
			children = (
			);
			path = Services;
			sourceTree = "<group>";
		};
		164D4FC929608F67000C47D7 /* Utilities */ = {
			isa = PBXGroup;
			children = (
				164D4FCD296091E1000C47D7 /* Fonts */,
				164D4FC829608F60000C47D7 /* Services */,
			);
			path = Utilities;
			sourceTree = "<group>";
		};
		164D4FCD296091E1000C47D7 /* Fonts */ = {
			isa = PBXGroup;
			children = (
				164D4FD529609411000C47D7 /* Fonts.swift */,
				164D4FCE296091EB000C47D7 /* LexendDeca-Bold.ttf */,
				164D4FCF296091EB000C47D7 /* LexendDeca-Regular.ttf */,
				164D4FD0296091EB000C47D7 /* LexendDeca-SemiBold.ttf */,
			);
			path = Fonts;
			sourceTree = "<group>";
		};
		164D4FD72960B410000C47D7 /* TabBar */ = {
			isa = PBXGroup;
			children = (
				164D4FD82960B433000C47D7 /* TabBar.swift */,
				164D4FDA2960B47D000C47D7 /* TabBarIcon.swift */,
			);
			path = TabBar;
			sourceTree = "<group>";
		};
/* End PBXGroup section */

/* Begin PBXNativeTarget section */
		164D4FB329608893000C47D7 /* ChatApp */ = {
			isa = PBXNativeTarget;
			buildConfigurationList = 164D4FC229608894000C47D7 /* Build configuration list for PBXNativeTarget "ChatApp" */;
			buildPhases = (
				164D4FB029608893000C47D7 /* Sources */,
				164D4FB129608893000C47D7 /* Frameworks */,
				164D4FB229608893000C47D7 /* Resources */,
			);
			buildRules = (
			);
			dependencies = (
			);
			name = ChatApp;
			packageProductDependencies = (
				164D4FDF2960C268000C47D7 /* FirebaseAuth */,
				164D4FE12960C268000C47D7 /* FirebaseFirestore */,
				164D4FE32960C268000C47D7 /* FirebaseFirestoreSwift */,
				164D4FE52960C268000C47D7 /* FirebaseStorage */,
			);
			productName = ChatApp;
			productReference = 164D4FB429608893000C47D7 /* ChatApp.app */;
			productType = "com.apple.product-type.application";
		};
/* End PBXNativeTarget section */

/* Begin PBXProject section */
		164D4FAC29608893000C47D7 /* Project object */ = {
			isa = PBXProject;
			attributes = {
				BuildIndependentTargetsInParallel = 1;
				LastSwiftUpdateCheck = 1420;
				LastUpgradeCheck = 1420;
				TargetAttributes = {
					164D4FB329608893000C47D7 = {
						CreatedOnToolsVersion = 14.2;
					};
				};
			};
			buildConfigurationList = 164D4FAF29608893000C47D7 /* Build configuration list for PBXProject "ChatApp" */;
			compatibilityVersion = "Xcode 14.0";
			developmentRegion = en;
			hasScannedForEncodings = 0;
			knownRegions = (
				en,
				Base,
			);
			mainGroup = 164D4FAB29608893000C47D7;
			packageReferences = (
				164D4FDE2960C268000C47D7 /* XCRemoteSwiftPackageReference "firebase-ios-sdk" */,
			);
			productRefGroup = 164D4FB529608893000C47D7 /* Products */;
			projectDirPath = "";
			projectRoot = "";
			targets = (
				164D4FB329608893000C47D7 /* ChatApp */,
			);
		};
/* End PBXProject section */

/* Begin PBXResourcesBuildPhase section */
		164D4FB229608893000C47D7 /* Resources */ = {
			isa = PBXResourcesBuildPhase;
			buildActionMask = 2147483647;
			files = (
				164D4FD2296091EB000C47D7 /* LexendDeca-Regular.ttf in Resources */,
				164D4FD3296091EB000C47D7 /* LexendDeca-SemiBold.ttf in Resources */,
				164D4FBF29608894000C47D7 /* Preview Assets.xcassets in Resources */,
				164D4FD1296091EB000C47D7 /* LexendDeca-Bold.ttf in Resources */,
				164D4FBC29608894000C47D7 /* Assets.xcassets in Resources */,
				164D4FDD2960C0C4000C47D7 /* GoogleService-Info.plist in Resources */,
			);
			runOnlyForDeploymentPostprocessing = 0;
		};
/* End PBXResourcesBuildPhase section */

/* Begin PBXSourcesBuildPhase section */
		164D4FB029608893000C47D7 /* Sources */ = {
			isa = PBXSourcesBuildPhase;
			buildActionMask = 2147483647;
			files = (
				164D4FE82960C2D1000C47D7 /* AppDelegate.swift in Sources */,
				164D4FBA29608893000C47D7 /* ContentView.swift in Sources */,
				164D4FD629609411000C47D7 /* Fonts.swift in Sources */,
				164D4FEB2960C6F0000C47D7 /* AuthViewModel.swift in Sources */,
				164D4FB829608893000C47D7 /* ChatApp.swift in Sources */,
				164D4FDB2960B47D000C47D7 /* TabBarIcon.swift in Sources */,
				164D4FD92960B433000C47D7 /* TabBar.swift in Sources */,
			);
			runOnlyForDeploymentPostprocessing = 0;
		};
/* End PBXSourcesBuildPhase section */

/* Begin XCBuildConfiguration section */
		164D4FC029608894000C47D7 /* Debug */ = {
			isa = XCBuildConfiguration;
			buildSettings = {
				ALWAYS_SEARCH_USER_PATHS = NO;
				CLANG_ANALYZER_NONNULL = YES;
				CLANG_ANALYZER_NUMBER_OBJECT_CONVERSION = YES_AGGRESSIVE;
				CLANG_CXX_LANGUAGE_STANDARD = "gnu++20";
				CLANG_ENABLE_MODULES = YES;
				CLANG_ENABLE_OBJC_ARC = YES;
				CLANG_ENABLE_OBJC_WEAK = YES;
				CLANG_WARN_BLOCK_CAPTURE_AUTORELEASING = YES;
				CLANG_WARN_BOOL_CONVERSION = YES;
				CLANG_WARN_COMMA = YES;
				CLANG_WARN_CONSTANT_CONVERSION = YES;
				CLANG_WARN_DEPRECATED_OBJC_IMPLEMENTATIONS = YES;
				CLANG_WARN_DIRECT_OBJC_ISA_USAGE = YES_ERROR;
				CLANG_WARN_DOCUMENTATION_COMMENTS = YES;
				CLANG_WARN_EMPTY_BODY = YES;
				CLANG_WARN_ENUM_CONVERSION = YES;
				CLANG_WARN_INFINITE_RECURSION = YES;
				CLANG_WARN_INT_CONVERSION = YES;
				CLANG_WARN_NON_LITERAL_NULL_CONVERSION = YES;
				CLANG_WARN_OBJC_IMPLICIT_RETAIN_SELF = YES;
				CLANG_WARN_OBJC_LITERAL_CONVERSION = YES;
				CLANG_WARN_OBJC_ROOT_CLASS = YES_ERROR;
				CLANG_WARN_QUOTED_INCLUDE_IN_FRAMEWORK_HEADER = YES;
				CLANG_WARN_RANGE_LOOP_ANALYSIS = YES;
				CLANG_WARN_STRICT_PROTOTYPES = YES;
				CLANG_WARN_SUSPICIOUS_MOVE = YES;
				CLANG_WARN_UNGUARDED_AVAILABILITY = YES_AGGRESSIVE;
				CLANG_WARN_UNREACHABLE_CODE = YES;
				CLANG_WARN__DUPLICATE_METHOD_MATCH = YES;
				COPY_PHASE_STRIP = NO;
				DEBUG_INFORMATION_FORMAT = dwarf;
				ENABLE_STRICT_OBJC_MSGSEND = YES;
				ENABLE_TESTABILITY = YES;
				GCC_C_LANGUAGE_STANDARD = gnu11;
				GCC_DYNAMIC_NO_PIC = NO;
				GCC_NO_COMMON_BLOCKS = YES;
				GCC_OPTIMIZATION_LEVEL = 0;
				GCC_PREPROCESSOR_DEFINITIONS = (
					"DEBUG=1",
					"$(inherited)",
				);
				GCC_WARN_64_TO_32_BIT_CONVERSION = YES;
				GCC_WARN_ABOUT_RETURN_TYPE = YES_ERROR;
				GCC_WARN_UNDECLARED_SELECTOR = YES;
				GCC_WARN_UNINITIALIZED_AUTOS = YES_AGGRESSIVE;
				GCC_WARN_UNUSED_FUNCTION = YES;
				GCC_WARN_UNUSED_VARIABLE = YES;
				IPHONEOS_DEPLOYMENT_TARGET = 16.2;
				MTL_ENABLE_DEBUG_INFO = INCLUDE_SOURCE;
				MTL_FAST_MATH = YES;
				ONLY_ACTIVE_ARCH = YES;
				SDKROOT = iphoneos;
				SWIFT_ACTIVE_COMPILATION_CONDITIONS = DEBUG;
				SWIFT_OPTIMIZATION_LEVEL = "-Onone";
			};
			name = Debug;
		};
		164D4FC129608894000C47D7 /* Release */ = {
			isa = XCBuildConfiguration;
			buildSettings = {
				ALWAYS_SEARCH_USER_PATHS = NO;
				CLANG_ANALYZER_NONNULL = YES;
				CLANG_ANALYZER_NUMBER_OBJECT_CONVERSION = YES_AGGRESSIVE;
				CLANG_CXX_LANGUAGE_STANDARD = "gnu++20";
				CLANG_ENABLE_MODULES = YES;
				CLANG_ENABLE_OBJC_ARC = YES;
				CLANG_ENABLE_OBJC_WEAK = YES;
				CLANG_WARN_BLOCK_CAPTURE_AUTORELEASING = YES;
				CLANG_WARN_BOOL_CONVERSION = YES;
				CLANG_WARN_COMMA = YES;
				CLANG_WARN_CONSTANT_CONVERSION = YES;
				CLANG_WARN_DEPRECATED_OBJC_IMPLEMENTATIONS = YES;
				CLANG_WARN_DIRECT_OBJC_ISA_USAGE = YES_ERROR;
				CLANG_WARN_DOCUMENTATION_COMMENTS = YES;
				CLANG_WARN_EMPTY_BODY = YES;
				CLANG_WARN_ENUM_CONVERSION = YES;
				CLANG_WARN_INFINITE_RECURSION = YES;
				CLANG_WARN_INT_CONVERSION = YES;
				CLANG_WARN_NON_LITERAL_NULL_CONVERSION = YES;
				CLANG_WARN_OBJC_IMPLICIT_RETAIN_SELF = YES;
				CLANG_WARN_OBJC_LITERAL_CONVERSION = YES;
				CLANG_WARN_OBJC_ROOT_CLASS = YES_ERROR;
				CLANG_WARN_QUOTED_INCLUDE_IN_FRAMEWORK_HEADER = YES;
				CLANG_WARN_RANGE_LOOP_ANALYSIS = YES;
				CLANG_WARN_STRICT_PROTOTYPES = YES;
				CLANG_WARN_SUSPICIOUS_MOVE = YES;
				CLANG_WARN_UNGUARDED_AVAILABILITY = YES_AGGRESSIVE;
				CLANG_WARN_UNREACHABLE_CODE = YES;
				CLANG_WARN__DUPLICATE_METHOD_MATCH = YES;
				COPY_PHASE_STRIP = NO;
				DEBUG_INFORMATION_FORMAT = "dwarf-with-dsym";
				ENABLE_NS_ASSERTIONS = NO;
				ENABLE_STRICT_OBJC_MSGSEND = YES;
				GCC_C_LANGUAGE_STANDARD = gnu11;
				GCC_NO_COMMON_BLOCKS = YES;
				GCC_WARN_64_TO_32_BIT_CONVERSION = YES;
				GCC_WARN_ABOUT_RETURN_TYPE = YES_ERROR;
				GCC_WARN_UNDECLARED_SELECTOR = YES;
				GCC_WARN_UNINITIALIZED_AUTOS = YES_AGGRESSIVE;
				GCC_WARN_UNUSED_FUNCTION = YES;
				GCC_WARN_UNUSED_VARIABLE = YES;
				IPHONEOS_DEPLOYMENT_TARGET = 16.2;
				MTL_ENABLE_DEBUG_INFO = NO;
				MTL_FAST_MATH = YES;
				SDKROOT = iphoneos;
				SWIFT_COMPILATION_MODE = wholemodule;
				SWIFT_OPTIMIZATION_LEVEL = "-O";
				VALIDATE_PRODUCT = YES;
			};
			name = Release;
		};
		164D4FC329608894000C47D7 /* Debug */ = {
			isa = XCBuildConfiguration;
			buildSettings = {
				ASSETCATALOG_COMPILER_APPICON_NAME = AppIcon;
				ASSETCATALOG_COMPILER_GLOBAL_ACCENT_COLOR_NAME = AccentColor;
				CODE_SIGN_ENTITLEMENTS = ChatApp/ChatApp.entitlements;
				CODE_SIGN_IDENTITY = "Apple Development";
				CODE_SIGN_STYLE = Automatic;
				CURRENT_PROJECT_VERSION = 1;
				DEVELOPMENT_ASSET_PATHS = "\"ChatApp/Preview Content\"";
				DEVELOPMENT_TEAM = A8U3P48DNG;
				ENABLE_PREVIEWS = YES;
				GENERATE_INFOPLIST_FILE = YES;
				INFOPLIST_FILE = ChatApp/Info.plist;
				INFOPLIST_KEY_UIApplicationSceneManifest_Generation = YES;
				INFOPLIST_KEY_UIApplicationSupportsIndirectInputEvents = YES;
				INFOPLIST_KEY_UILaunchScreen_Generation = YES;
				INFOPLIST_KEY_UISupportedInterfaceOrientations_iPad = "UIInterfaceOrientationPortrait UIInterfaceOrientationPortraitUpsideDown UIInterfaceOrientationLandscapeLeft UIInterfaceOrientationLandscapeRight";
				INFOPLIST_KEY_UISupportedInterfaceOrientations_iPhone = "UIInterfaceOrientationPortrait UIInterfaceOrientationLandscapeLeft UIInterfaceOrientationLandscapeRight";
				LD_RUNPATH_SEARCH_PATHS = (
					"$(inherited)",
					"@executable_path/Frameworks",
				);
				MARKETING_VERSION = 1.0;
				PRODUCT_BUNDLE_IDENTIFIER = jsummerville.ChatApp;
				PRODUCT_NAME = "$(TARGET_NAME)";
				PROVISIONING_PROFILE_SPECIFIER = "";
				SWIFT_EMIT_LOC_STRINGS = YES;
				SWIFT_VERSION = 5.0;
				TARGETED_DEVICE_FAMILY = "1,2";
			};
			name = Debug;
		};
		164D4FC429608894000C47D7 /* Release */ = {
			isa = XCBuildConfiguration;
			buildSettings = {
				ASSETCATALOG_COMPILER_APPICON_NAME = AppIcon;
				ASSETCATALOG_COMPILER_GLOBAL_ACCENT_COLOR_NAME = AccentColor;
				CODE_SIGN_ENTITLEMENTS = ChatApp/ChatApp.entitlements;
				CODE_SIGN_IDENTITY = "Apple Development";
				CODE_SIGN_STYLE = Automatic;
				CURRENT_PROJECT_VERSION = 1;
				DEVELOPMENT_ASSET_PATHS = "\"ChatApp/Preview Content\"";
				DEVELOPMENT_TEAM = A8U3P48DNG;
				ENABLE_PREVIEWS = YES;
				GENERATE_INFOPLIST_FILE = YES;
				INFOPLIST_FILE = ChatApp/Info.plist;
				INFOPLIST_KEY_UIApplicationSceneManifest_Generation = YES;
				INFOPLIST_KEY_UIApplicationSupportsIndirectInputEvents = YES;
				INFOPLIST_KEY_UILaunchScreen_Generation = YES;
				INFOPLIST_KEY_UISupportedInterfaceOrientations_iPad = "UIInterfaceOrientationPortrait UIInterfaceOrientationPortraitUpsideDown UIInterfaceOrientationLandscapeLeft UIInterfaceOrientationLandscapeRight";
				INFOPLIST_KEY_UISupportedInterfaceOrientations_iPhone = "UIInterfaceOrientationPortrait UIInterfaceOrientationLandscapeLeft UIInterfaceOrientationLandscapeRight";
				LD_RUNPATH_SEARCH_PATHS = (
					"$(inherited)",
					"@executable_path/Frameworks",
				);
				MARKETING_VERSION = 1.0;
				PRODUCT_BUNDLE_IDENTIFIER = jsummerville.ChatApp;
				PRODUCT_NAME = "$(TARGET_NAME)";
				PROVISIONING_PROFILE_SPECIFIER = "";
				SWIFT_EMIT_LOC_STRINGS = YES;
				SWIFT_VERSION = 5.0;
				TARGETED_DEVICE_FAMILY = "1,2";
			};
			name = Release;
		};
/* End XCBuildConfiguration section */

/* Begin XCConfigurationList section */
		164D4FAF29608893000C47D7 /* Build configuration list for PBXProject "ChatApp" */ = {
			isa = XCConfigurationList;
			buildConfigurations = (
				164D4FC029608894000C47D7 /* Debug */,
				164D4FC129608894000C47D7 /* Release */,
			);
			defaultConfigurationIsVisible = 0;
			defaultConfigurationName = Release;
		};
		164D4FC229608894000C47D7 /* Build configuration list for PBXNativeTarget "ChatApp" */ = {
			isa = XCConfigurationList;
			buildConfigurations = (
				164D4FC329608894000C47D7 /* Debug */,
				164D4FC429608894000C47D7 /* Release */,
			);
			defaultConfigurationIsVisible = 0;
			defaultConfigurationName = Release;
		};
/* End XCConfigurationList section */

/* Begin XCRemoteSwiftPackageReference section */
		164D4FDE2960C268000C47D7 /* XCRemoteSwiftPackageReference "firebase-ios-sdk" */ = {
			isa = XCRemoteSwiftPackageReference;
			repositoryURL = "https://github.com/firebase/firebase-ios-sdk";
			requirement = {
				branch = master;
				kind = branch;
			};
		};
/* End XCRemoteSwiftPackageReference section */

/* Begin XCSwiftPackageProductDependency section */
		164D4FDF2960C268000C47D7 /* FirebaseAuth */ = {
			isa = XCSwiftPackageProductDependency;
			package = 164D4FDE2960C268000C47D7 /* XCRemoteSwiftPackageReference "firebase-ios-sdk" */;
			productName = FirebaseAuth;
		};
		164D4FE12960C268000C47D7 /* FirebaseFirestore */ = {
			isa = XCSwiftPackageProductDependency;
			package = 164D4FDE2960C268000C47D7 /* XCRemoteSwiftPackageReference "firebase-ios-sdk" */;
			productName = FirebaseFirestore;
		};
		164D4FE32960C268000C47D7 /* FirebaseFirestoreSwift */ = {
			isa = XCSwiftPackageProductDependency;
			package = 164D4FDE2960C268000C47D7 /* XCRemoteSwiftPackageReference "firebase-ios-sdk" */;
			productName = FirebaseFirestoreSwift;
		};
		164D4FE52960C268000C47D7 /* FirebaseStorage */ = {
			isa = XCSwiftPackageProductDependency;
			package = 164D4FDE2960C268000C47D7 /* XCRemoteSwiftPackageReference "firebase-ios-sdk" */;
			productName = FirebaseStorage;
		};
/* End XCSwiftPackageProductDependency section */
	};
	rootObject = 164D4FAC29608893000C47D7 /* Project object */;
}
