// !$*UTF8*$!
{
	archiveVersion = 1;
	classes = {
	};
	objectVersion = 56;
	objects = {

/* Begin PBXBuildFile section */
		164D4FB829608893000C47D7 /* ChatApp.swift in Sources */ = {isa = PBXBuildFile; fileRef = 164D4FB729608893000C47D7 /* ChatApp.swift */; };
		164D4FBA29608893000C47D7 /* RootView.swift in Sources */ = {isa = PBXBuildFile; fileRef = 164D4FB929608893000C47D7 /* RootView.swift */; };
		164D4FBC29608894000C47D7 /* Assets.xcassets in Resources */ = {isa = PBXBuildFile; fileRef = 164D4FBB29608894000C47D7 /* Assets.xcassets */; };
		164D4FBF29608894000C47D7 /* Preview Assets.xcassets in Resources */ = {isa = PBXBuildFile; fileRef = 164D4FBE29608894000C47D7 /* Preview Assets.xcassets */; };
		164D4FD1296091EB000C47D7 /* LexendDeca-Bold.ttf in Resources */ = {isa = PBXBuildFile; fileRef = 164D4FCE296091EB000C47D7 /* LexendDeca-Bold.ttf */; };
		164D4FD2296091EB000C47D7 /* LexendDeca-Regular.ttf in Resources */ = {isa = PBXBuildFile; fileRef = 164D4FCF296091EB000C47D7 /* LexendDeca-Regular.ttf */; };
		164D4FD3296091EB000C47D7 /* LexendDeca-SemiBold.ttf in Resources */ = {isa = PBXBuildFile; fileRef = 164D4FD0296091EB000C47D7 /* LexendDeca-SemiBold.ttf */; };
		164D4FD629609411000C47D7 /* Fonts.swift in Sources */ = {isa = PBXBuildFile; fileRef = 164D4FD529609411000C47D7 /* Fonts.swift */; };
		164D4FD92960B433000C47D7 /* TabBar.swift in Sources */ = {isa = PBXBuildFile; fileRef = 164D4FD82960B433000C47D7 /* TabBar.swift */; };
		164D4FDB2960B47D000C47D7 /* TabBarIcon.swift in Sources */ = {isa = PBXBuildFile; fileRef = 164D4FDA2960B47D000C47D7 /* TabBarIcon.swift */; };
		164D4FDD2960C0C4000C47D7 /* GoogleService-Info.plist in Resources */ = {isa = PBXBuildFile; fileRef = 164D4FDC2960C0C4000C47D7 /* GoogleService-Info.plist */; };
		164D4FE02960C268000C47D7 /* FirebaseAuth in Frameworks */ = {isa = PBXBuildFile; productRef = 164D4FDF2960C268000C47D7 /* FirebaseAuth */; };
		164D4FE22960C268000C47D7 /* FirebaseFirestore in Frameworks */ = {isa = PBXBuildFile; productRef = 164D4FE12960C268000C47D7 /* FirebaseFirestore */; };
		164D4FE42960C268000C47D7 /* FirebaseFirestoreSwift in Frameworks */ = {isa = PBXBuildFile; productRef = 164D4FE32960C268000C47D7 /* FirebaseFirestoreSwift */; };
		164D4FE62960C268000C47D7 /* FirebaseStorage in Frameworks */ = {isa = PBXBuildFile; productRef = 164D4FE52960C268000C47D7 /* FirebaseStorage */; };
		164D4FE82960C2D1000C47D7 /* AppDelegate.swift in Sources */ = {isa = PBXBuildFile; fileRef = 164D4FE72960C2D1000C47D7 /* AppDelegate.swift */; };
		164D4FEB2960C6F0000C47D7 /* AuthViewModel.swift in Sources */ = {isa = PBXBuildFile; fileRef = 164D4FEA2960C6F0000C47D7 /* AuthViewModel.swift */; };
		164D4FEE2961D1C7000C47D7 /* OnboardingContainerView.swift in Sources */ = {isa = PBXBuildFile; fileRef = 164D4FED2961D1C7000C47D7 /* OnboardingContainerView.swift */; };
		164D4FF02961D307000C47D7 /* WelcomeView.swift in Sources */ = {isa = PBXBuildFile; fileRef = 164D4FEF2961D307000C47D7 /* WelcomeView.swift */; };
		164D4FF22961D314000C47D7 /* PhoneNumberView.swift in Sources */ = {isa = PBXBuildFile; fileRef = 164D4FF12961D314000C47D7 /* PhoneNumberView.swift */; };
		164D4FF42961D31F000C47D7 /* VerificationView.swift in Sources */ = {isa = PBXBuildFile; fileRef = 164D4FF32961D31F000C47D7 /* VerificationView.swift */; };
		164D4FF62961D328000C47D7 /* SyncContactsView.swift in Sources */ = {isa = PBXBuildFile; fileRef = 164D4FF52961D328000C47D7 /* SyncContactsView.swift */; };
		164D4FF82961D332000C47D7 /* CreateProfileView.swift in Sources */ = {isa = PBXBuildFile; fileRef = 164D4FF72961D332000C47D7 /* CreateProfileView.swift */; };
		164D4FFE2961E2D7000C47D7 /* ContactsViewModel.swift in Sources */ = {isa = PBXBuildFile; fileRef = 164D4FFD2961E2D7000C47D7 /* ContactsViewModel.swift */; };
		164D50002962202B000C47D7 /* User.swift in Sources */ = {isa = PBXBuildFile; fileRef = 164D4FFF2962202B000C47D7 /* User.swift */; };
		164D500229622107000C47D7 /* DatabaseService.swift in Sources */ = {isa = PBXBuildFile; fileRef = 164D500129622107000C47D7 /* DatabaseService.swift */; };
		164D50042962235E000C47D7 /* TextUtil.swift in Sources */ = {isa = PBXBuildFile; fileRef = 164D50032962235E000C47D7 /* TextUtil.swift */; };
		164D500629636CFA000C47D7 /* ImagePicker.swift in Sources */ = {isa = PBXBuildFile; fileRef = 164D500529636CFA000C47D7 /* ImagePicker.swift */; };
		16FB2B3F297C335300F85D48 /* ConversationView.swift in Sources */ = {isa = PBXBuildFile; fileRef = 16FB2B3E297C335300F85D48 /* ConversationView.swift */; };
		16FB2B41297C347800F85D48 /* ChatViewModel.swift in Sources */ = {isa = PBXBuildFile; fileRef = 16FB2B40297C347800F85D48 /* ChatViewModel.swift */; };
		16FB2B44297C34CB00F85D48 /* SettingsView.swift in Sources */ = {isa = PBXBuildFile; fileRef = 16FB2B43297C34CB00F85D48 /* SettingsView.swift */; };
		16FB2B46297C35C300F85D48 /* SettingsViewModel.swift in Sources */ = {isa = PBXBuildFile; fileRef = 16FB2B45297C35C300F85D48 /* SettingsViewModel.swift */; };
		16FB2B48297C363800F85D48 /* Chat.swift in Sources */ = {isa = PBXBuildFile; fileRef = 16FB2B47297C363800F85D48 /* Chat.swift */; };
		16FB2B4A297C379900F85D48 /* CacheServices.swift in Sources */ = {isa = PBXBuildFile; fileRef = 16FB2B49297C379900F85D48 /* CacheServices.swift */; };
		16FB2B4C297C383D00F85D48 /* ChatsListRow.swift in Sources */ = {isa = PBXBuildFile; fileRef = 16FB2B4B297C383D00F85D48 /* ChatsListRow.swift */; };
		16FB2B4E297C384A00F85D48 /* ContactsPicker.swift in Sources */ = {isa = PBXBuildFile; fileRef = 16FB2B4D297C384A00F85D48 /* ContactsPicker.swift */; };
		16FB2B50297C385D00F85D48 /* ConversationPhotoMessage.swift in Sources */ = {isa = PBXBuildFile; fileRef = 16FB2B4F297C385D00F85D48 /* ConversationPhotoMessage.swift */; };
		16FB2B52297C386E00F85D48 /* ConversationTextMessage.swift in Sources */ = {isa = PBXBuildFile; fileRef = 16FB2B51297C386E00F85D48 /* ConversationTextMessage.swift */; };
		16FB2B54297C389700F85D48 /* GroupProfilePicView.swift in Sources */ = {isa = PBXBuildFile; fileRef = 16FB2B53297C389700F85D48 /* GroupProfilePicView.swift */; };
		16FB2B56297C38DA00F85D48 /* Constants.swift in Sources */ = {isa = PBXBuildFile; fileRef = 16FB2B55297C38DA00F85D48 /* Constants.swift */; };
		16FB2B58297C38EC00F85D48 /* CreateProfileTextFieldStyle.swift in Sources */ = {isa = PBXBuildFile; fileRef = 16FB2B57297C38EC00F85D48 /* CreateProfileTextFieldStyle.swift */; };
		16FB2B5A297C38FA00F85D48 /* DateUtil.swift in Sources */ = {isa = PBXBuildFile; fileRef = 16FB2B59297C38FA00F85D48 /* DateUtil.swift */; };
		16FB2B5C297C390700F85D48 /* OnboardingButtonStyle.swift in Sources */ = {isa = PBXBuildFile; fileRef = 16FB2B5B297C390700F85D48 /* OnboardingButtonStyle.swift */; };
		16FB2B5F297C392300F85D48 /* RoundedCornerExtension.swift in Sources */ = {isa = PBXBuildFile; fileRef = 16FB2B5E297C392300F85D48 /* RoundedCornerExtension.swift */; };
		16FC78B5296AF9B100F6D4FA /* ContactsListView.swift in Sources */ = {isa = PBXBuildFile; fileRef = 16FC78B4296AF9B100F6D4FA /* ContactsListView.swift */; };
		16FC78B7296AF9BF00F6D4FA /* ChatsListView.swift in Sources */ = {isa = PBXBuildFile; fileRef = 16FC78B6296AF9BF00F6D4FA /* ChatsListView.swift */; };
		16FC78B9296C4A7400F6D4FA /* ContactRow.swift in Sources */ = {isa = PBXBuildFile; fileRef = 16FC78B8296C4A7400F6D4FA /* ContactRow.swift */; };
		16FC78BC296C50A200F6D4FA /* ProfilePicView.swift in Sources */ = {isa = PBXBuildFile; fileRef = 16FC78BB296C50A200F6D4FA /* ProfilePicView.swift */; };
/* End PBXBuildFile section */

/* Begin PBXFileReference section */
		164D4FB429608893000C47D7 /* ChatApp.app */ = {isa = PBXFileReference; explicitFileType = wrapper.application; includeInIndex = 0; path = ChatApp.app; sourceTree = BUILT_PRODUCTS_DIR; };
		164D4FB729608893000C47D7 /* ChatApp.swift */ = {isa = PBXFileReference; lastKnownFileType = sourcecode.swift; path = ChatApp.swift; sourceTree = "<group>"; };
		164D4FB929608893000C47D7 /* RootView.swift */ = {isa = PBXFileReference; lastKnownFileType = sourcecode.swift; path = RootView.swift; sourceTree = "<group>"; };
		164D4FBB29608894000C47D7 /* Assets.xcassets */ = {isa = PBXFileReference; lastKnownFileType = folder.assetcatalog; path = Assets.xcassets; sourceTree = "<group>"; };
		164D4FBE29608894000C47D7 /* Preview Assets.xcassets */ = {isa = PBXFileReference; lastKnownFileType = folder.assetcatalog; path = "Preview Assets.xcassets"; sourceTree = "<group>"; };
		164D4FCE296091EB000C47D7 /* LexendDeca-Bold.ttf */ = {isa = PBXFileReference; lastKnownFileType = file; path = "LexendDeca-Bold.ttf"; sourceTree = "<group>"; };
		164D4FCF296091EB000C47D7 /* LexendDeca-Regular.ttf */ = {isa = PBXFileReference; lastKnownFileType = file; path = "LexendDeca-Regular.ttf"; sourceTree = "<group>"; };
		164D4FD0296091EB000C47D7 /* LexendDeca-SemiBold.ttf */ = {isa = PBXFileReference; lastKnownFileType = file; path = "LexendDeca-SemiBold.ttf"; sourceTree = "<group>"; };
		164D4FD429609295000C47D7 /* Info.plist */ = {isa = PBXFileReference; lastKnownFileType = text.plist; path = Info.plist; sourceTree = "<group>"; };
		164D4FD529609411000C47D7 /* Fonts.swift */ = {isa = PBXFileReference; lastKnownFileType = sourcecode.swift; path = Fonts.swift; sourceTree = "<group>"; };
		164D4FD82960B433000C47D7 /* TabBar.swift */ = {isa = PBXFileReference; lastKnownFileType = sourcecode.swift; path = TabBar.swift; sourceTree = "<group>"; };
		164D4FDA2960B47D000C47D7 /* TabBarIcon.swift */ = {isa = PBXFileReference; lastKnownFileType = sourcecode.swift; path = TabBarIcon.swift; sourceTree = "<group>"; };
		164D4FDC2960C0C4000C47D7 /* GoogleService-Info.plist */ = {isa = PBXFileReference; lastKnownFileType = text.plist.xml; name = "GoogleService-Info.plist"; path = "ChatApp/GoogleService-Info.plist"; sourceTree = SOURCE_ROOT; };
		164D4FE72960C2D1000C47D7 /* AppDelegate.swift */ = {isa = PBXFileReference; lastKnownFileType = sourcecode.swift; path = AppDelegate.swift; sourceTree = "<group>"; };
		164D4FE92960C554000C47D7 /* ChatApp.entitlements */ = {isa = PBXFileReference; lastKnownFileType = text.plist.entitlements; path = ChatApp.entitlements; sourceTree = "<group>"; };
		164D4FEA2960C6F0000C47D7 /* AuthViewModel.swift */ = {isa = PBXFileReference; lastKnownFileType = sourcecode.swift; path = AuthViewModel.swift; sourceTree = "<group>"; };
		164D4FED2961D1C7000C47D7 /* OnboardingContainerView.swift */ = {isa = PBXFileReference; lastKnownFileType = sourcecode.swift; path = OnboardingContainerView.swift; sourceTree = "<group>"; };
		164D4FEF2961D307000C47D7 /* WelcomeView.swift */ = {isa = PBXFileReference; lastKnownFileType = sourcecode.swift; path = WelcomeView.swift; sourceTree = "<group>"; };
		164D4FF12961D314000C47D7 /* PhoneNumberView.swift */ = {isa = PBXFileReference; lastKnownFileType = sourcecode.swift; path = PhoneNumberView.swift; sourceTree = "<group>"; };
		164D4FF32961D31F000C47D7 /* VerificationView.swift */ = {isa = PBXFileReference; lastKnownFileType = sourcecode.swift; path = VerificationView.swift; sourceTree = "<group>"; };
		164D4FF52961D328000C47D7 /* SyncContactsView.swift */ = {isa = PBXFileReference; lastKnownFileType = sourcecode.swift; path = SyncContactsView.swift; sourceTree = "<group>"; };
		164D4FF72961D332000C47D7 /* CreateProfileView.swift */ = {isa = PBXFileReference; lastKnownFileType = sourcecode.swift; path = CreateProfileView.swift; sourceTree = "<group>"; };
		164D4FFD2961E2D7000C47D7 /* ContactsViewModel.swift */ = {isa = PBXFileReference; lastKnownFileType = sourcecode.swift; path = ContactsViewModel.swift; sourceTree = "<group>"; };
		164D4FFF2962202B000C47D7 /* User.swift */ = {isa = PBXFileReference; lastKnownFileType = sourcecode.swift; path = User.swift; sourceTree = "<group>"; };
		164D500129622107000C47D7 /* DatabaseService.swift */ = {isa = PBXFileReference; lastKnownFileType = sourcecode.swift; path = DatabaseService.swift; sourceTree = "<group>"; };
		164D50032962235E000C47D7 /* TextUtil.swift */ = {isa = PBXFileReference; lastKnownFileType = sourcecode.swift; path = TextUtil.swift; sourceTree = "<group>"; };
		164D500529636CFA000C47D7 /* ImagePicker.swift */ = {isa = PBXFileReference; lastKnownFileType = sourcecode.swift; path = ImagePicker.swift; sourceTree = "<group>"; };
		16FB2B3E297C335300F85D48 /* ConversationView.swift */ = {isa = PBXFileReference; lastKnownFileType = sourcecode.swift; path = ConversationView.swift; sourceTree = "<group>"; };
		16FB2B40297C347800F85D48 /* ChatViewModel.swift */ = {isa = PBXFileReference; lastKnownFileType = sourcecode.swift; path = ChatViewModel.swift; sourceTree = "<group>"; };
		16FB2B43297C34CB00F85D48 /* SettingsView.swift */ = {isa = PBXFileReference; lastKnownFileType = sourcecode.swift; path = SettingsView.swift; sourceTree = "<group>"; };
		16FB2B45297C35C300F85D48 /* SettingsViewModel.swift */ = {isa = PBXFileReference; lastKnownFileType = sourcecode.swift; path = SettingsViewModel.swift; sourceTree = "<group>"; };
		16FB2B47297C363800F85D48 /* Chat.swift */ = {isa = PBXFileReference; lastKnownFileType = sourcecode.swift; path = Chat.swift; sourceTree = "<group>"; };
		16FB2B49297C379900F85D48 /* CacheServices.swift */ = {isa = PBXFileReference; lastKnownFileType = sourcecode.swift; path = CacheServices.swift; sourceTree = "<group>"; };
		16FB2B4B297C383D00F85D48 /* ChatsListRow.swift */ = {isa = PBXFileReference; lastKnownFileType = sourcecode.swift; path = ChatsListRow.swift; sourceTree = "<group>"; };
		16FB2B4D297C384A00F85D48 /* ContactsPicker.swift */ = {isa = PBXFileReference; lastKnownFileType = sourcecode.swift; path = ContactsPicker.swift; sourceTree = "<group>"; };
		16FB2B4F297C385D00F85D48 /* ConversationPhotoMessage.swift */ = {isa = PBXFileReference; lastKnownFileType = sourcecode.swift; path = ConversationPhotoMessage.swift; sourceTree = "<group>"; };
		16FB2B51297C386E00F85D48 /* ConversationTextMessage.swift */ = {isa = PBXFileReference; lastKnownFileType = sourcecode.swift; path = ConversationTextMessage.swift; sourceTree = "<group>"; };
		16FB2B53297C389700F85D48 /* GroupProfilePicView.swift */ = {isa = PBXFileReference; lastKnownFileType = sourcecode.swift; path = GroupProfilePicView.swift; sourceTree = "<group>"; };
		16FB2B55297C38DA00F85D48 /* Constants.swift */ = {isa = PBXFileReference; lastKnownFileType = sourcecode.swift; path = Constants.swift; sourceTree = "<group>"; };
		16FB2B57297C38EC00F85D48 /* CreateProfileTextFieldStyle.swift */ = {isa = PBXFileReference; lastKnownFileType = sourcecode.swift; path = CreateProfileTextFieldStyle.swift; sourceTree = "<group>"; };
		16FB2B59297C38FA00F85D48 /* DateUtil.swift */ = {isa = PBXFileReference; lastKnownFileType = sourcecode.swift; path = DateUtil.swift; sourceTree = "<group>"; };
		16FB2B5B297C390700F85D48 /* OnboardingButtonStyle.swift */ = {isa = PBXFileReference; lastKnownFileType = sourcecode.swift; path = OnboardingButtonStyle.swift; sourceTree = "<group>"; };
		16FB2B5E297C392300F85D48 /* RoundedCornerExtension.swift */ = {isa = PBXFileReference; lastKnownFileType = sourcecode.swift; path = RoundedCornerExtension.swift; sourceTree = "<group>"; };
		16FC78B4296AF9B100F6D4FA /* ContactsListView.swift */ = {isa = PBXFileReference; lastKnownFileType = sourcecode.swift; path = ContactsListView.swift; sourceTree = "<group>"; };
		16FC78B6296AF9BF00F6D4FA /* ChatsListView.swift */ = {isa = PBXFileReference; lastKnownFileType = sourcecode.swift; path = ChatsListView.swift; sourceTree = "<group>"; };
		16FC78B8296C4A7400F6D4FA /* ContactRow.swift */ = {isa = PBXFileReference; lastKnownFileType = sourcecode.swift; path = ContactRow.swift; sourceTree = "<group>"; };
		16FC78BB296C50A200F6D4FA /* ProfilePicView.swift */ = {isa = PBXFileReference; lastKnownFileType = sourcecode.swift; path = ProfilePicView.swift; sourceTree = "<group>"; };
/* End PBXFileReference section */

/* Begin PBXFrameworksBuildPhase section */
		164D4FB129608893000C47D7 /* Frameworks */ = {
			isa = PBXFrameworksBuildPhase;
			buildActionMask = 2147483647;
			files = (
				164D4FE02960C268000C47D7 /* FirebaseAuth in Frameworks */,
				164D4FE62960C268000C47D7 /* FirebaseStorage in Frameworks */,
				164D4FE22960C268000C47D7 /* FirebaseFirestore in Frameworks */,
				164D4FE42960C268000C47D7 /* FirebaseFirestoreSwift in Frameworks */,
			);
			runOnlyForDeploymentPostprocessing = 0;
		};
/* End PBXFrameworksBuildPhase section */

/* Begin PBXGroup section */
		164D4FAB29608893000C47D7 = {
			isa = PBXGroup;
			children = (
				164D4FB629608893000C47D7 /* ChatApp */,
				164D4FB529608893000C47D7 /* Products */,
			);
			sourceTree = "<group>";
		};
		164D4FB529608893000C47D7 /* Products */ = {
			isa = PBXGroup;
			children = (
				164D4FB429608893000C47D7 /* ChatApp.app */,
			);
			name = Products;
			sourceTree = "<group>";
		};
		164D4FB629608893000C47D7 /* ChatApp */ = {
			isa = PBXGroup;
			children = (
				164D4FE92960C554000C47D7 /* ChatApp.entitlements */,
				164D4FD429609295000C47D7 /* Info.plist */,
				164D4FDC2960C0C4000C47D7 /* GoogleService-Info.plist */,
				164D4FBB29608894000C47D7 /* Assets.xcassets */,
				164D4FBD29608894000C47D7 /* Preview Content */,
				164D4FB729608893000C47D7 /* ChatApp.swift */,
				164D4FC729608F5C000C47D7 /* Models */,
				164D4FC929608F67000C47D7 /* Utilities */,
				164D4FC629608F55000C47D7 /* ViewModels */,
				164D4FC529608F4F000C47D7 /* Views */,
				164D4FE72960C2D1000C47D7 /* AppDelegate.swift */,
			);
			path = ChatApp;
			sourceTree = "<group>";
		};
		164D4FBD29608894000C47D7 /* Preview Content */ = {
			isa = PBXGroup;
			children = (
				164D4FBE29608894000C47D7 /* Preview Assets.xcassets */,
			);
			path = "Preview Content";
			sourceTree = "<group>";
		};
		164D4FC529608F4F000C47D7 /* Views */ = {
			isa = PBXGroup;
			children = (
				16FC78B3296AF9A200F6D4FA /* Chats */,
				16FC78B2296AF99000F6D4FA /* Contacts */,
				16FC78BA296C509100F6D4FA /* Misc */,
				164D4FEC2961D1B4000C47D7 /* Onboarding */,
				164D4FB929608893000C47D7 /* RootView.swift */,
				16FB2B42297C34B600F85D48 /* Settings */,
				164D4FD72960B410000C47D7 /* TabBar */,
			);
			path = Views;
			sourceTree = "<group>";
		};
		164D4FC629608F55000C47D7 /* ViewModels */ = {
			isa = PBXGroup;
			children = (
				164D4FEA2960C6F0000C47D7 /* AuthViewModel.swift */,
				164D4FFD2961E2D7000C47D7 /* ContactsViewModel.swift */,
				16FB2B40297C347800F85D48 /* ChatViewModel.swift */,
				16FB2B45297C35C300F85D48 /* SettingsViewModel.swift */,
			);
			path = ViewModels;
			sourceTree = "<group>";
		};
		164D4FC729608F5C000C47D7 /* Models */ = {
			isa = PBXGroup;
			children = (
				164D4FFF2962202B000C47D7 /* User.swift */,
				16FB2B47297C363800F85D48 /* Chat.swift */,
			);
			path = Models;
			sourceTree = "<group>";
		};
		164D4FC829608F60000C47D7 /* Services */ = {
			isa = PBXGroup;
			children = (
				164D500129622107000C47D7 /* DatabaseService.swift */,
				16FB2B49297C379900F85D48 /* CacheServices.swift */,
			);
			path = Services;
			sourceTree = "<group>";
		};
		164D4FC929608F67000C47D7 /* Utilities */ = {
			isa = PBXGroup;
			children = (
				16FB2B5D297C391100F85D48 /* Styles */,
				164D4FCD296091E1000C47D7 /* Fonts */,
				164D4FC829608F60000C47D7 /* Services */,
				164D50032962235E000C47D7 /* TextUtil.swift */,
				16FB2B55297C38DA00F85D48 /* Constants.swift */,
				16FB2B59297C38FA00F85D48 /* DateUtil.swift */,
			);
			path = Utilities;
			sourceTree = "<group>";
		};
		164D4FCD296091E1000C47D7 /* Fonts */ = {
			isa = PBXGroup;
			children = (
				164D4FD529609411000C47D7 /* Fonts.swift */,
				164D4FCE296091EB000C47D7 /* LexendDeca-Bold.ttf */,
				164D4FCF296091EB000C47D7 /* LexendDeca-Regular.ttf */,
				164D4FD0296091EB000C47D7 /* LexendDeca-SemiBold.ttf */,
			);
			path = Fonts;
			sourceTree = "<group>";
		};
		164D4FD72960B410000C47D7 /* TabBar */ = {
			isa = PBXGroup;
			children = (
				164D4FD82960B433000C47D7 /* TabBar.swift */,
				164D4FDA2960B47D000C47D7 /* TabBarIcon.swift */,
			);
			path = TabBar;
			sourceTree = "<group>";
		};
		164D4FEC2961D1B4000C47D7 /* Onboarding */ = {
			isa = PBXGroup;
			children = (
				164D4FED2961D1C7000C47D7 /* OnboardingContainerView.swift */,
				164D4FEF2961D307000C47D7 /* WelcomeView.swift */,
				164D4FF12961D314000C47D7 /* PhoneNumberView.swift */,
				164D4FF32961D31F000C47D7 /* VerificationView.swift */,
				164D4FF52961D328000C47D7 /* SyncContactsView.swift */,
				164D4FF72961D332000C47D7 /* CreateProfileView.swift */,
				164D500529636CFA000C47D7 /* ImagePicker.swift */,
			);
			path = Onboarding;
			sourceTree = "<group>";
		};
		16FB2B42297C34B600F85D48 /* Settings */ = {
			isa = PBXGroup;
			children = (
				16FB2B43297C34CB00F85D48 /* SettingsView.swift */,
			);
			path = Settings;
			sourceTree = "<group>";
		};
		16FB2B5D297C391100F85D48 /* Styles */ = {
			isa = PBXGroup;
			children = (
				16FB2B57297C38EC00F85D48 /* CreateProfileTextFieldStyle.swift */,
				16FB2B5B297C390700F85D48 /* OnboardingButtonStyle.swift */,
				16FB2B5E297C392300F85D48 /* RoundedCornerExtension.swift */,
			);
			path = Styles;
			sourceTree = "<group>";
		};
		16FC78B2296AF99000F6D4FA /* Contacts */ = {
			isa = PBXGroup;
			children = (
				16FC78B4296AF9B100F6D4FA /* ContactsListView.swift */,
				16FC78B8296C4A7400F6D4FA /* ContactRow.swift */,
			);
			path = Contacts;
			sourceTree = "<group>";
		};
		16FC78B3296AF9A200F6D4FA /* Chats */ = {
			isa = PBXGroup;
			children = (
				16FC78B6296AF9BF00F6D4FA /* ChatsListView.swift */,
				16FB2B3E297C335300F85D48 /* ConversationView.swift */,
				16FB2B4B297C383D00F85D48 /* ChatsListRow.swift */,
				16FB2B4D297C384A00F85D48 /* ContactsPicker.swift */,
				16FB2B4F297C385D00F85D48 /* ConversationPhotoMessage.swift */,
				16FB2B51297C386E00F85D48 /* ConversationTextMessage.swift */,
			);
			path = Chats;
			sourceTree = "<group>";
		};
		16FC78BA296C509100F6D4FA /* Misc */ = {
			isa = PBXGroup;
			children = (
				16FC78BB296C50A200F6D4FA /* ProfilePicView.swift */,
				16FB2B53297C389700F85D48 /* GroupProfilePicView.swift */,
			);
			path = Misc;
			sourceTree = "<group>";
		};
/* End PBXGroup section */

/* Begin PBXNativeTarget section */
		164D4FB329608893000C47D7 /* ChatApp */ = {
			isa = PBXNativeTarget;
			buildConfigurationList = 164D4FC229608894000C47D7 /* Build configuration list for PBXNativeTarget "ChatApp" */;
			buildPhases = (
				164D4FB029608893000C47D7 /* Sources */,
				164D4FB129608893000C47D7 /* Frameworks */,
				164D4FB229608893000C47D7 /* Resources */,
			);
			buildRules = (
			);
			dependencies = (
			);
			name = ChatApp;
			packageProductDependencies = (
				164D4FDF2960C268000C47D7 /* FirebaseAuth */,
				164D4FE12960C268000C47D7 /* FirebaseFirestore */,
				164D4FE32960C268000C47D7 /* FirebaseFirestoreSwift */,
				164D4FE52960C268000C47D7 /* FirebaseStorage */,
			);
			productName = ChatApp;
			productReference = 164D4FB429608893000C47D7 /* ChatApp.app */;
			productType = "com.apple.product-type.application";
		};
/* End PBXNativeTarget section */

/* Begin PBXProject section */
		164D4FAC29608893000C47D7 /* Project object */ = {
			isa = PBXProject;
			attributes = {
				BuildIndependentTargetsInParallel = 1;
				LastSwiftUpdateCheck = 1420;
				LastUpgradeCheck = 1420;
				TargetAttributes = {
					164D4FB329608893000C47D7 = {
						CreatedOnToolsVersion = 14.2;
					};
				};
			};
			buildConfigurationList = 164D4FAF29608893000C47D7 /* Build configuration list for PBXProject "ChatApp" */;
			compatibilityVersion = "Xcode 14.0";
			developmentRegion = en;
			hasScannedForEncodings = 0;
			knownRegions = (
				en,
				Base,
			);
			mainGroup = 164D4FAB29608893000C47D7;
			packageReferences = (
				164D4FDE2960C268000C47D7 /* XCRemoteSwiftPackageReference "firebase-ios-sdk" */,
			);
			productRefGroup = 164D4FB529608893000C47D7 /* Products */;
			projectDirPath = "";
			projectRoot = "";
			targets = (
				164D4FB329608893000C47D7 /* ChatApp */,
			);
		};
/* End PBXProject section */

/* Begin PBXResourcesBuildPhase section */
		164D4FB229608893000C47D7 /* Resources */ = {
			isa = PBXResourcesBuildPhase;
			buildActionMask = 2147483647;
			files = (
				164D4FD2296091EB000C47D7 /* LexendDeca-Regular.ttf in Resources */,
				164D4FD3296091EB000C47D7 /* LexendDeca-SemiBold.ttf in Resources */,
				164D4FBF29608894000C47D7 /* Preview Assets.xcassets in Resources */,
				164D4FD1296091EB000C47D7 /* LexendDeca-Bold.ttf in Resources */,
				164D4FBC29608894000C47D7 /* Assets.xcassets in Resources */,
				164D4FDD2960C0C4000C47D7 /* GoogleService-Info.plist in Resources */,
			);
			runOnlyForDeploymentPostprocessing = 0;
		};
/* End PBXResourcesBuildPhase section */

/* Begin PBXSourcesBuildPhase section */
		164D4FB029608893000C47D7 /* Sources */ = {
			isa = PBXSourcesBuildPhase;
			buildActionMask = 2147483647;
			files = (
				16FB2B41297C347800F85D48 /* ChatViewModel.swift in Sources */,
				164D500229622107000C47D7 /* DatabaseService.swift in Sources */,
				16FB2B54297C389700F85D48 /* GroupProfilePicView.swift in Sources */,
				164D50042962235E000C47D7 /* TextUtil.swift in Sources */,
				16FB2B4C297C383D00F85D48 /* ChatsListRow.swift in Sources */,
				164D4FE82960C2D1000C47D7 /* AppDelegate.swift in Sources */,
				164D4FF82961D332000C47D7 /* CreateProfileView.swift in Sources */,
				16FB2B58297C38EC00F85D48 /* CreateProfileTextFieldStyle.swift in Sources */,
				164D4FEE2961D1C7000C47D7 /* OnboardingContainerView.swift in Sources */,
				164D4FBA29608893000C47D7 /* RootView.swift in Sources */,
				164D4FF62961D328000C47D7 /* SyncContactsView.swift in Sources */,
				16FC78B7296AF9BF00F6D4FA /* ChatsListView.swift in Sources */,
				16FB2B4A297C379900F85D48 /* CacheServices.swift in Sources */,
				16FB2B4E297C384A00F85D48 /* ContactsPicker.swift in Sources */,
				164D4FD629609411000C47D7 /* Fonts.swift in Sources */,
				16FB2B50297C385D00F85D48 /* ConversationPhotoMessage.swift in Sources */,
				16FB2B52297C386E00F85D48 /* ConversationTextMessage.swift in Sources */,
				164D50002962202B000C47D7 /* User.swift in Sources */,
				164D4FF02961D307000C47D7 /* WelcomeView.swift in Sources */,
				164D4FEB2960C6F0000C47D7 /* AuthViewModel.swift in Sources */,
				16FB2B48297C363800F85D48 /* Chat.swift in Sources */,
				16FB2B5F297C392300F85D48 /* RoundedCornerExtension.swift in Sources */,
				164D4FF22961D314000C47D7 /* PhoneNumberView.swift in Sources */,
				164D4FB829608893000C47D7 /* ChatApp.swift in Sources */,
				164D4FF42961D31F000C47D7 /* VerificationView.swift in Sources */,
				16FC78B9296C4A7400F6D4FA /* ContactRow.swift in Sources */,
				16FC78B5296AF9B100F6D4FA /* ContactsListView.swift in Sources */,
				16FB2B3F297C335300F85D48 /* ConversationView.swift in Sources */,
				16FB2B44297C34CB00F85D48 /* SettingsView.swift in Sources */,
				164D4FFE2961E2D7000C47D7 /* ContactsViewModel.swift in Sources */,
				164D500629636CFA000C47D7 /* ImagePicker.swift in Sources */,
				164D4FDB2960B47D000C47D7 /* TabBarIcon.swift in Sources */,
				164D4FD92960B433000C47D7 /* TabBar.swift in Sources */,
				16FC78BC296C50A200F6D4FA /* ProfilePicView.swift in Sources */,
				16FB2B46297C35C300F85D48 /* SettingsViewModel.swift in Sources */,
				16FB2B56297C38DA00F85D48 /* Constants.swift in Sources */,
				16FB2B5C297C390700F85D48 /* OnboardingButtonStyle.swift in Sources */,
				16FB2B5A297C38FA00F85D48 /* DateUtil.swift in Sources */,
			);
			runOnlyForDeploymentPostprocessing = 0;
		};
/* End PBXSourcesBuildPhase section */

/* Begin XCBuildConfiguration section */
		164D4FC029608894000C47D7 /* Debug */ = {
			isa = XCBuildConfiguration;
			buildSettings = {
				ALWAYS_SEARCH_USER_PATHS = NO;
				CLANG_ANALYZER_NONNULL = YES;
				CLANG_ANALYZER_NUMBER_OBJECT_CONVERSION = YES_AGGRESSIVE;
				CLANG_CXX_LANGUAGE_STANDARD = "gnu++20";
				CLANG_ENABLE_MODULES = YES;
				CLANG_ENABLE_OBJC_ARC = YES;
				CLANG_ENABLE_OBJC_WEAK = YES;
				CLANG_WARN_BLOCK_CAPTURE_AUTORELEASING = YES;
				CLANG_WARN_BOOL_CONVERSION = YES;
				CLANG_WARN_COMMA = YES;
				CLANG_WARN_CONSTANT_CONVERSION = YES;
				CLANG_WARN_DEPRECATED_OBJC_IMPLEMENTATIONS = YES;
				CLANG_WARN_DIRECT_OBJC_ISA_USAGE = YES_ERROR;
				CLANG_WARN_DOCUMENTATION_COMMENTS = YES;
				CLANG_WARN_EMPTY_BODY = YES;
				CLANG_WARN_ENUM_CONVERSION = YES;
				CLANG_WARN_INFINITE_RECURSION = YES;
				CLANG_WARN_INT_CONVERSION = YES;
				CLANG_WARN_NON_LITERAL_NULL_CONVERSION = YES;
				CLANG_WARN_OBJC_IMPLICIT_RETAIN_SELF = YES;
				CLANG_WARN_OBJC_LITERAL_CONVERSION = YES;
				CLANG_WARN_OBJC_ROOT_CLASS = YES_ERROR;
				CLANG_WARN_QUOTED_INCLUDE_IN_FRAMEWORK_HEADER = YES;
				CLANG_WARN_RANGE_LOOP_ANALYSIS = YES;
				CLANG_WARN_STRICT_PROTOTYPES = YES;
				CLANG_WARN_SUSPICIOUS_MOVE = YES;
				CLANG_WARN_UNGUARDED_AVAILABILITY = YES_AGGRESSIVE;
				CLANG_WARN_UNREACHABLE_CODE = YES;
				CLANG_WARN__DUPLICATE_METHOD_MATCH = YES;
				COPY_PHASE_STRIP = NO;
				DEBUG_INFORMATION_FORMAT = dwarf;
				ENABLE_STRICT_OBJC_MSGSEND = YES;
				ENABLE_TESTABILITY = YES;
				GCC_C_LANGUAGE_STANDARD = gnu11;
				GCC_DYNAMIC_NO_PIC = NO;
				GCC_NO_COMMON_BLOCKS = YES;
				GCC_OPTIMIZATION_LEVEL = 0;
				GCC_PREPROCESSOR_DEFINITIONS = (
					"DEBUG=1",
					"$(inherited)",
				);
				GCC_WARN_64_TO_32_BIT_CONVERSION = YES;
				GCC_WARN_ABOUT_RETURN_TYPE = YES_ERROR;
				GCC_WARN_UNDECLARED_SELECTOR = YES;
				GCC_WARN_UNINITIALIZED_AUTOS = YES_AGGRESSIVE;
				GCC_WARN_UNUSED_FUNCTION = YES;
				GCC_WARN_UNUSED_VARIABLE = YES;
				IPHONEOS_DEPLOYMENT_TARGET = 16.2;
				MTL_ENABLE_DEBUG_INFO = INCLUDE_SOURCE;
				MTL_FAST_MATH = YES;
				ONLY_ACTIVE_ARCH = YES;
				SDKROOT = iphoneos;
				SWIFT_ACTIVE_COMPILATION_CONDITIONS = DEBUG;
				SWIFT_OPTIMIZATION_LEVEL = "-Onone";
			};
			name = Debug;
		};
		164D4FC129608894000C47D7 /* Release */ = {
			isa = XCBuildConfiguration;
			buildSettings = {
				ALWAYS_SEARCH_USER_PATHS = NO;
				CLANG_ANALYZER_NONNULL = YES;
				CLANG_ANALYZER_NUMBER_OBJECT_CONVERSION = YES_AGGRESSIVE;
				CLANG_CXX_LANGUAGE_STANDARD = "gnu++20";
				CLANG_ENABLE_MODULES = YES;
				CLANG_ENABLE_OBJC_ARC = YES;
				CLANG_ENABLE_OBJC_WEAK = YES;
				CLANG_WARN_BLOCK_CAPTURE_AUTORELEASING = YES;
				CLANG_WARN_BOOL_CONVERSION = YES;
				CLANG_WARN_COMMA = YES;
				CLANG_WARN_CONSTANT_CONVERSION = YES;
				CLANG_WARN_DEPRECATED_OBJC_IMPLEMENTATIONS = YES;
				CLANG_WARN_DIRECT_OBJC_ISA_USAGE = YES_ERROR;
				CLANG_WARN_DOCUMENTATION_COMMENTS = YES;
				CLANG_WARN_EMPTY_BODY = YES;
				CLANG_WARN_ENUM_CONVERSION = YES;
				CLANG_WARN_INFINITE_RECURSION = YES;
				CLANG_WARN_INT_CONVERSION = YES;
				CLANG_WARN_NON_LITERAL_NULL_CONVERSION = YES;
				CLANG_WARN_OBJC_IMPLICIT_RETAIN_SELF = YES;
				CLANG_WARN_OBJC_LITERAL_CONVERSION = YES;
				CLANG_WARN_OBJC_ROOT_CLASS = YES_ERROR;
				CLANG_WARN_QUOTED_INCLUDE_IN_FRAMEWORK_HEADER = YES;
				CLANG_WARN_RANGE_LOOP_ANALYSIS = YES;
				CLANG_WARN_STRICT_PROTOTYPES = YES;
				CLANG_WARN_SUSPICIOUS_MOVE = YES;
				CLANG_WARN_UNGUARDED_AVAILABILITY = YES_AGGRESSIVE;
				CLANG_WARN_UNREACHABLE_CODE = YES;
				CLANG_WARN__DUPLICATE_METHOD_MATCH = YES;
				COPY_PHASE_STRIP = NO;
				DEBUG_INFORMATION_FORMAT = "dwarf-with-dsym";
				ENABLE_NS_ASSERTIONS = NO;
				ENABLE_STRICT_OBJC_MSGSEND = YES;
				GCC_C_LANGUAGE_STANDARD = gnu11;
				GCC_NO_COMMON_BLOCKS = YES;
				GCC_WARN_64_TO_32_BIT_CONVERSION = YES;
				GCC_WARN_ABOUT_RETURN_TYPE = YES_ERROR;
				GCC_WARN_UNDECLARED_SELECTOR = YES;
				GCC_WARN_UNINITIALIZED_AUTOS = YES_AGGRESSIVE;
				GCC_WARN_UNUSED_FUNCTION = YES;
				GCC_WARN_UNUSED_VARIABLE = YES;
				IPHONEOS_DEPLOYMENT_TARGET = 16.2;
				MTL_ENABLE_DEBUG_INFO = NO;
				MTL_FAST_MATH = YES;
				SDKROOT = iphoneos;
				SWIFT_COMPILATION_MODE = wholemodule;
				SWIFT_OPTIMIZATION_LEVEL = "-O";
				VALIDATE_PRODUCT = YES;
			};
			name = Release;
		};
		164D4FC329608894000C47D7 /* Debug */ = {
			isa = XCBuildConfiguration;
			buildSettings = {
				ASSETCATALOG_COMPILER_APPICON_NAME = AppIcon;
				ASSETCATALOG_COMPILER_GLOBAL_ACCENT_COLOR_NAME = AccentColor;
				CODE_SIGN_ENTITLEMENTS = ChatApp/ChatApp.entitlements;
				CODE_SIGN_IDENTITY = "Apple Development";
				CODE_SIGN_STYLE = Automatic;
				CURRENT_PROJECT_VERSION = 1;
				DEVELOPMENT_ASSET_PATHS = "\"ChatApp/Preview Content\"";
				DEVELOPMENT_TEAM = A8U3P48DNG;
				ENABLE_PREVIEWS = YES;
				GENERATE_INFOPLIST_FILE = YES;
				INFOPLIST_FILE = ChatApp/Info.plist;
				INFOPLIST_KEY_UIApplicationSceneManifest_Generation = YES;
				INFOPLIST_KEY_UIApplicationSupportsIndirectInputEvents = YES;
				INFOPLIST_KEY_UILaunchScreen_Generation = YES;
				INFOPLIST_KEY_UISupportedInterfaceOrientations_iPad = "UIInterfaceOrientationPortrait UIInterfaceOrientationPortraitUpsideDown UIInterfaceOrientationLandscapeLeft UIInterfaceOrientationLandscapeRight";
				INFOPLIST_KEY_UISupportedInterfaceOrientations_iPhone = "UIInterfaceOrientationPortrait UIInterfaceOrientationLandscapeLeft UIInterfaceOrientationLandscapeRight";
				LD_RUNPATH_SEARCH_PATHS = (
					"$(inherited)",
					"@executable_path/Frameworks",
				);
				MARKETING_VERSION = 1.0;
				PRODUCT_BUNDLE_IDENTIFIER = jsummerville.ChatApp;
				PRODUCT_NAME = "$(TARGET_NAME)";
				PROVISIONING_PROFILE_SPECIFIER = "";
				SWIFT_EMIT_LOC_STRINGS = YES;
				SWIFT_VERSION = 5.0;
				TARGETED_DEVICE_FAMILY = "1,2";
			};
			name = Debug;
		};
		164D4FC429608894000C47D7 /* Release */ = {
			isa = XCBuildConfiguration;
			buildSettings = {
				ASSETCATALOG_COMPILER_APPICON_NAME = AppIcon;
				ASSETCATALOG_COMPILER_GLOBAL_ACCENT_COLOR_NAME = AccentColor;
				CODE_SIGN_ENTITLEMENTS = ChatApp/ChatApp.entitlements;
				CODE_SIGN_IDENTITY = "Apple Development";
				CODE_SIGN_STYLE = Automatic;
				CURRENT_PROJECT_VERSION = 1;
				DEVELOPMENT_ASSET_PATHS = "\"ChatApp/Preview Content\"";
				DEVELOPMENT_TEAM = A8U3P48DNG;
				ENABLE_PREVIEWS = YES;
				GENERATE_INFOPLIST_FILE = YES;
				INFOPLIST_FILE = ChatApp/Info.plist;
				INFOPLIST_KEY_UIApplicationSceneManifest_Generation = YES;
				INFOPLIST_KEY_UIApplicationSupportsIndirectInputEvents = YES;
				INFOPLIST_KEY_UILaunchScreen_Generation = YES;
				INFOPLIST_KEY_UISupportedInterfaceOrientations_iPad = "UIInterfaceOrientationPortrait UIInterfaceOrientationPortraitUpsideDown UIInterfaceOrientationLandscapeLeft UIInterfaceOrientationLandscapeRight";
				INFOPLIST_KEY_UISupportedInterfaceOrientations_iPhone = "UIInterfaceOrientationPortrait UIInterfaceOrientationLandscapeLeft UIInterfaceOrientationLandscapeRight";
				LD_RUNPATH_SEARCH_PATHS = (
					"$(inherited)",
					"@executable_path/Frameworks",
				);
				MARKETING_VERSION = 1.0;
				PRODUCT_BUNDLE_IDENTIFIER = jsummerville.ChatApp;
				PRODUCT_NAME = "$(TARGET_NAME)";
				PROVISIONING_PROFILE_SPECIFIER = "";
				SWIFT_EMIT_LOC_STRINGS = YES;
				SWIFT_VERSION = 5.0;
				TARGETED_DEVICE_FAMILY = "1,2";
			};
			name = Release;
		};
/* End XCBuildConfiguration section */

/* Begin XCConfigurationList section */
		164D4FAF29608893000C47D7 /* Build configuration list for PBXProject "ChatApp" */ = {
			isa = XCConfigurationList;
			buildConfigurations = (
				164D4FC029608894000C47D7 /* Debug */,
				164D4FC129608894000C47D7 /* Release */,
			);
			defaultConfigurationIsVisible = 0;
			defaultConfigurationName = Release;
		};
		164D4FC229608894000C47D7 /* Build configuration list for PBXNativeTarget "ChatApp" */ = {
			isa = XCConfigurationList;
			buildConfigurations = (
				164D4FC329608894000C47D7 /* Debug */,
				164D4FC429608894000C47D7 /* Release */,
			);
			defaultConfigurationIsVisible = 0;
			defaultConfigurationName = Release;
		};
/* End XCConfigurationList section */

/* Begin XCRemoteSwiftPackageReference section */
		164D4FDE2960C268000C47D7 /* XCRemoteSwiftPackageReference "firebase-ios-sdk" */ = {
			isa = XCRemoteSwiftPackageReference;
			repositoryURL = "https://github.com/firebase/firebase-ios-sdk";
			requirement = {
				branch = master;
				kind = branch;
			};
		};
/* End XCRemoteSwiftPackageReference section */

/* Begin XCSwiftPackageProductDependency section */
		164D4FDF2960C268000C47D7 /* FirebaseAuth */ = {
			isa = XCSwiftPackageProductDependency;
			package = 164D4FDE2960C268000C47D7 /* XCRemoteSwiftPackageReference "firebase-ios-sdk" */;
			productName = FirebaseAuth;
		};
		164D4FE12960C268000C47D7 /* FirebaseFirestore */ = {
			isa = XCSwiftPackageProductDependency;
			package = 164D4FDE2960C268000C47D7 /* XCRemoteSwiftPackageReference "firebase-ios-sdk" */;
			productName = FirebaseFirestore;
		};
		164D4FE32960C268000C47D7 /* FirebaseFirestoreSwift */ = {
			isa = XCSwiftPackageProductDependency;
			package = 164D4FDE2960C268000C47D7 /* XCRemoteSwiftPackageReference "firebase-ios-sdk" */;
			productName = FirebaseFirestoreSwift;
		};
		164D4FE52960C268000C47D7 /* FirebaseStorage */ = {
			isa = XCSwiftPackageProductDependency;
			package = 164D4FDE2960C268000C47D7 /* XCRemoteSwiftPackageReference "firebase-ios-sdk" */;
			productName = FirebaseStorage;
		};
/* End XCSwiftPackageProductDependency section */
	};
	rootObject = 164D4FAC29608893000C47D7 /* Project object */;
}
